// !$*UTF8*$!
{
	archiveVersion = 1;
	classes = {
	};
	objectVersion = 48;
	objects = {

/* Begin PBXBuildFile section */
		03C6335D16DBE5B72DA6DAE2 /* TaskDashboardViewOutput.swift in Sources */ = {isa = PBXBuildFile; fileRef = 2D03F90B344235E15064E5DF /* TaskDashboardViewOutput.swift */; };
		0B491A43D7239588DC2E91B1 /* SignupRouterTests.swift in Sources */ = {isa = PBXBuildFile; fileRef = 21CB26D9A7C7E9700DC721F2 /* SignupRouterTests.swift */; };
		0D30139B0D65F48019643FDC /* TaskDashboardViewInput.swift in Sources */ = {isa = PBXBuildFile; fileRef = EB26793A538FC7F6CF6C0E73 /* TaskDashboardViewInput.swift */; };
		1068701E2A51C047A871F4CC /* SignupConfiguratorTests.swift in Sources */ = {isa = PBXBuildFile; fileRef = DFAF1EC3ABFECE4344A5F3B4 /* SignupConfiguratorTests.swift */; };
		137000ECBC1A69F269A73047 /* TaskDashboardInteractor.swift in Sources */ = {isa = PBXBuildFile; fileRef = 7002ABBFEA49D4FCA040A3AF /* TaskDashboardInteractor.swift */; };
		1CFCDE7B47236877AED10A54 /* TaskDashboardModuleInput.swift in Sources */ = {isa = PBXBuildFile; fileRef = 46905326FF1D283FCD0E1378 /* TaskDashboardModuleInput.swift */; };
		204E5FC8BED840AA3D689DCC /* SignupInteractorOutput.swift in Sources */ = {isa = PBXBuildFile; fileRef = A28C711FF3DA3846B3C6945A /* SignupInteractorOutput.swift */; };
		21021631E1B8B52460CC2393 /* LoginViewInput.swift in Sources */ = {isa = PBXBuildFile; fileRef = AB6974C8C8FECCDB364B9B98 /* LoginViewInput.swift */; };
		255CD0DD895D8E8677C13D0C /* TaskDashboardPresenterTests.swift in Sources */ = {isa = PBXBuildFile; fileRef = 146F99E51207442702B2020D /* TaskDashboardPresenterTests.swift */; };
		26FD98549F9130244AF77CCF /* SignupInteractorInput.swift in Sources */ = {isa = PBXBuildFile; fileRef = FBF782D9B2A188C817A3D44C /* SignupInteractorInput.swift */; };
		27937D918152672DD4CEEC6C /* LoginPresenterTests.swift in Sources */ = {isa = PBXBuildFile; fileRef = 15B5223ACCAF559B51C91C18 /* LoginPresenterTests.swift */; };
		2A781AA4BE379A4FF9093CCC /* LoginModuleInput.swift in Sources */ = {isa = PBXBuildFile; fileRef = 1443DED74D387FC48FC49FD4 /* LoginModuleInput.swift */; };
		3191E181AC0A5D2A1BEF977E /* TaskDashboardInteractorOutput.swift in Sources */ = {isa = PBXBuildFile; fileRef = E7F498CA06ED67C0F7763DDC /* TaskDashboardInteractorOutput.swift */; };
		33F57AA4266C47B15A6139DB /* SignupViewOutput.swift in Sources */ = {isa = PBXBuildFile; fileRef = FD75C91E436F0F740224747E /* SignupViewOutput.swift */; };
		3498C2C0DA405014DB6C3B95 /* LoginInteractor.swift in Sources */ = {isa = PBXBuildFile; fileRef = 484A0A9318642242C38190A5 /* LoginInteractor.swift */; };
		3527335D500E3554B8488DFB /* TaskDashboardConfigurator.swift in Sources */ = {isa = PBXBuildFile; fileRef = 05D90160FEE0C34F5D7C3DF9 /* TaskDashboardConfigurator.swift */; };
		36A5BF432067DF5C0040ED5D /* UserCreationServiceInput.swift in Sources */ = {isa = PBXBuildFile; fileRef = 36A5BF422067DF5C0040ED5D /* UserCreationServiceInput.swift */; };
		36A5BF452067DF690040ED5D /* UserCreationServiceOutput.swift in Sources */ = {isa = PBXBuildFile; fileRef = 36A5BF442067DF690040ED5D /* UserCreationServiceOutput.swift */; };
		36A5BF472067DF7D0040ED5D /* UserCreationService.swift in Sources */ = {isa = PBXBuildFile; fileRef = 36A5BF462067DF7D0040ED5D /* UserCreationService.swift */; };
		36A90557205E9F33003DE982 /* AuthLoginService.swift in Sources */ = {isa = PBXBuildFile; fileRef = 36A90556205E9F33003DE982 /* AuthLoginService.swift */; };
		36A90559205E9FCC003DE982 /* LoginAuthServicrInput.swift in Sources */ = {isa = PBXBuildFile; fileRef = 36A90558205E9FCC003DE982 /* LoginAuthServicrInput.swift */; };
		36A9055B205E9FDE003DE982 /* LoginAuthServiceOutput.swift in Sources */ = {isa = PBXBuildFile; fileRef = 36A9055A205E9FDE003DE982 /* LoginAuthServiceOutput.swift */; };
		36A9055D205EB582003DE982 /* User.swift in Sources */ = {isa = PBXBuildFile; fileRef = 36A9055C205EB582003DE982 /* User.swift */; };
		3DC02720678ED5A7EAC4EDEC /* SignupViewController.swift in Sources */ = {isa = PBXBuildFile; fileRef = 16333E6CCFB055DB5B25E78D /* SignupViewController.swift */; };
		4295A1813B49162C0BD5D783 /* SignupModuleInput.swift in Sources */ = {isa = PBXBuildFile; fileRef = 3E45758799DD2F6FB504C966 /* SignupModuleInput.swift */; };
		4361027F1D67D9A65250101F /* TaskDashboardViewController.swift in Sources */ = {isa = PBXBuildFile; fileRef = EDD89D670248B4318F874EDB /* TaskDashboardViewController.swift */; };
		479E4687C07F63ED782140B6 /* SignupRouter.swift in Sources */ = {isa = PBXBuildFile; fileRef = A4195F6FEC552A8CF746D196 /* SignupRouter.swift */; };
		5281C0684C6C39F918DBD121 /* TaskDashboardViewTests.swift in Sources */ = {isa = PBXBuildFile; fileRef = 0FE902BEE41DE03349F07F8D /* TaskDashboardViewTests.swift */; };
		573FCE6B99F597492BA1E311 /* SignupRouterInput.swift in Sources */ = {isa = PBXBuildFile; fileRef = 8261C41B7BCDDF1510D0D8E8 /* SignupRouterInput.swift */; };
		596E8C77ED2818881CDD71DC /* TaskDashboardInteractorTests.swift in Sources */ = {isa = PBXBuildFile; fileRef = D2947F7ACFF6A2C2E20BB3BD /* TaskDashboardInteractorTests.swift */; };
		666237EA9A715A29EB6C9241 /* TaskDashboardRouterInput.swift in Sources */ = {isa = PBXBuildFile; fileRef = 9CDC13F215790E8127A80993 /* TaskDashboardRouterInput.swift */; };
		6C8F049E943F72CF06A2F8B0 /* LoginInitializer.swift in Sources */ = {isa = PBXBuildFile; fileRef = 884ECF09A5D9906E7A92CC39 /* LoginInitializer.swift */; };
		6D292817C95E56B857F4C15E /* LoginConfiguratorTests.swift in Sources */ = {isa = PBXBuildFile; fileRef = 620C87F753564AA71A949B6C /* LoginConfiguratorTests.swift */; };
		6ECFAD390C6CF5001967E31C /* LoginViewOutput.swift in Sources */ = {isa = PBXBuildFile; fileRef = 20BCF623DC3BA22B240642C2 /* LoginViewOutput.swift */; };
		6F79AC41689A1AB3AC5249E3 /* SignupPresenter.swift in Sources */ = {isa = PBXBuildFile; fileRef = 9ECB8456E097329C077ED5E1 /* SignupPresenter.swift */; };
		726BFC17C270F533C60683E8 /* Pods_Eisenhower_Todo.framework in Frameworks */ = {isa = PBXBuildFile; fileRef = DED38F66818F89D7BAB28571 /* Pods_Eisenhower_Todo.framework */; };
		750DC24DD02C9248AA99CE16 /* SignupConfigurator.swift in Sources */ = {isa = PBXBuildFile; fileRef = CCA81C55E057C74E21E21858 /* SignupConfigurator.swift */; };
		77F44403B9B6A76900F595E0 /* TaskDashboardInitializer.swift in Sources */ = {isa = PBXBuildFile; fileRef = 181FF3E020AB6CA83663ABC3 /* TaskDashboardInitializer.swift */; };
		79EED124968726007AE027DF /* LoginConfigurator.swift in Sources */ = {isa = PBXBuildFile; fileRef = 0175A28B69C1DAF7EB08516D /* LoginConfigurator.swift */; };
		88DB47F7E8B19DEAA1D13078 /* LoginRouterTests.swift in Sources */ = {isa = PBXBuildFile; fileRef = 39264A4520AD3955387D5F43 /* LoginRouterTests.swift */; };
		8D14C2519ADEF01B88D388F9 /* LoginInteractorTests.swift in Sources */ = {isa = PBXBuildFile; fileRef = 5BA2EFF987E903B332821461 /* LoginInteractorTests.swift */; };
		9065EBD756DBA552D9F650FA /* LoginInteractorOutput.swift in Sources */ = {isa = PBXBuildFile; fileRef = 4C5CD0D18B3B82663097F791 /* LoginInteractorOutput.swift */; };
		916A0206CF0D98F77B5DD179 /* TaskDashboardConfiguratorTests.swift in Sources */ = {isa = PBXBuildFile; fileRef = 712D0C3EDBADC16E5EE34FB0 /* TaskDashboardConfiguratorTests.swift */; };
		992669CDABF2DA8E2E8B0C26 /* SignupPresenterTests.swift in Sources */ = {isa = PBXBuildFile; fileRef = 330CCC0584E234FD2A497B6E /* SignupPresenterTests.swift */; };
		9AA2396BEE81EF7CE680A30E /* Pods_Eisenhower_TodoTests.framework in Frameworks */ = {isa = PBXBuildFile; fileRef = 6AF7142C6B32714778AFE699 /* Pods_Eisenhower_TodoTests.framework */; };
		AE2F9A0A8A3191007DDAADFC /* SignupViewInput.swift in Sources */ = {isa = PBXBuildFile; fileRef = F9D817FAC4A995721760B677 /* SignupViewInput.swift */; };
		B11767E4984416E6467AB409 /* TaskDashboardInteractorInput.swift in Sources */ = {isa = PBXBuildFile; fileRef = 4E85D3289D9BD8ECEEEBB276 /* TaskDashboardInteractorInput.swift */; };
		B6B72DEDE908ECFBB7CA1497 /* TaskDashboardRouterTests.swift in Sources */ = {isa = PBXBuildFile; fileRef = 926B71B71818D3CA15E39883 /* TaskDashboardRouterTests.swift */; };
		C00E021A1CE10BBB3DCC6E51 /* TaskDashboardRouter.swift in Sources */ = {isa = PBXBuildFile; fileRef = 93300641C8B9711EFBA61192 /* TaskDashboardRouter.swift */; };
		C046B3402057020700128FEE /* DataManagerOutput.swift in Sources */ = {isa = PBXBuildFile; fileRef = C046B33F2057020700128FEE /* DataManagerOutput.swift */; };
		C046B34320586B3700128FEE /* TaskDashboardDataMangerInput.swift in Sources */ = {isa = PBXBuildFile; fileRef = C046B34220586B3700128FEE /* TaskDashboardDataMangerInput.swift */; };
		C046B34520586B6600128FEE /* TaskDashboardDataManagerOutput.swift in Sources */ = {isa = PBXBuildFile; fileRef = C046B34420586B6600128FEE /* TaskDashboardDataManagerOutput.swift */; };
		C06A7AE420401DFF00E11F51 /* GoogleToolboxForMac.framework in Frameworks */ = {isa = PBXBuildFile; fileRef = C06A7AE520401DFF00E11F51 /* GoogleToolboxForMac.framework */; };
		C0A0BCD220436F8B00BBFC14 /* Task.swift in Sources */ = {isa = PBXBuildFile; fileRef = C0A0BCD120436F8B00BBFC14 /* Task.swift */; };
		C0A0BCD420447FF500BBFC14 /* TaskCollectionViewCell.swift in Sources */ = {isa = PBXBuildFile; fileRef = C0A0BCD320447FF500BBFC14 /* TaskCollectionViewCell.swift */; };
		C0A0F5AB2059BE98000979FC /* TaskDashBoardFirebaseManager.swift in Sources */ = {isa = PBXBuildFile; fileRef = C0A0F5AA2059BE98000979FC /* TaskDashBoardFirebaseManager.swift */; };
		C0A0F5AD2059C728000979FC /* Constant.swift in Sources */ = {isa = PBXBuildFile; fileRef = C0A0F5AC2059C728000979FC /* Constant.swift */; };
		C0A0F5B02059CD84000979FC /* TaskDashBoardFirebaseManagerTest.swift in Sources */ = {isa = PBXBuildFile; fileRef = C0A0F5AF2059CD84000979FC /* TaskDashBoardFirebaseManagerTest.swift */; };
		C0A0F5B42059EBE4000979FC /* GoogleService-Info.plist in Resources */ = {isa = PBXBuildFile; fileRef = C0A0F5B32059EBE4000979FC /* GoogleService-Info.plist */; };
		C0D716282040188B00D52A57 /* AppDelegate.swift in Sources */ = {isa = PBXBuildFile; fileRef = C0D716272040188B00D52A57 /* AppDelegate.swift */; };
		C0D7162D2040188B00D52A57 /* Main.storyboard in Resources */ = {isa = PBXBuildFile; fileRef = C0D7162B2040188B00D52A57 /* Main.storyboard */; };
		C0D7162F2040188B00D52A57 /* Assets.xcassets in Resources */ = {isa = PBXBuildFile; fileRef = C0D7162E2040188B00D52A57 /* Assets.xcassets */; };
		C0D716322040188B00D52A57 /* LaunchScreen.storyboard in Resources */ = {isa = PBXBuildFile; fileRef = C0D716302040188B00D52A57 /* LaunchScreen.storyboard */; };
		C0D7163D2040188B00D52A57 /* Eisenhower_TodoTests.swift in Sources */ = {isa = PBXBuildFile; fileRef = C0D7163C2040188B00D52A57 /* Eisenhower_TodoTests.swift */; };
		C0D716482040188B00D52A57 /* Eisenhower_TodoUITests.swift in Sources */ = {isa = PBXBuildFile; fileRef = C0D716472040188B00D52A57 /* Eisenhower_TodoUITests.swift */; };
		C0D71656204019B500D52A57 /* GoogleService-Info.plist in Resources */ = {isa = PBXBuildFile; fileRef = C0D71655204019B500D52A57 /* GoogleService-Info.plist */; };
		C0FDC7F2205585B3008A423A /* FireBaseManager.swift in Sources */ = {isa = PBXBuildFile; fileRef = C0FDC7F1205585B3008A423A /* FireBaseManager.swift */; };
		C0FDC7F4205586FD008A423A /* DataManagerInput.swift in Sources */ = {isa = PBXBuildFile; fileRef = C0FDC7F3205586FD008A423A /* DataManagerInput.swift */; };
		C175C751DAE57C87F16155B8 /* LoginRouter.swift in Sources */ = {isa = PBXBuildFile; fileRef = 9452CEC73768ED8B111FFDB4 /* LoginRouter.swift */; };
		C303BD3D5098940CA892E0BF /* LoginViewController.swift in Sources */ = {isa = PBXBuildFile; fileRef = 9851B3DF795A62E46AB3D4B7 /* LoginViewController.swift */; };
		C9A86A3C9B920090335F8F37 /* LoginInteractorInput.swift in Sources */ = {isa = PBXBuildFile; fileRef = AE44520F66CEC8B9402FE507 /* LoginInteractorInput.swift */; };
		CF1DEB269499FE4ACBD8CA35 /* TaskDashboardPresenter.swift in Sources */ = {isa = PBXBuildFile; fileRef = 3BE1A11DFA7CFE02B4F0DD4F /* TaskDashboardPresenter.swift */; };
		DCAF2B7A45D693418C7F96C9 /* LoginPresenter.swift in Sources */ = {isa = PBXBuildFile; fileRef = 9E6C0CA7A2CF4F67FDE937E0 /* LoginPresenter.swift */; };
		E0DEF840888A4C5BCA5B386C /* LoginViewTests.swift in Sources */ = {isa = PBXBuildFile; fileRef = E88AE980A0E78005F5439DFA /* LoginViewTests.swift */; };
		E1D5FC809241E998CAAB5D30 /* SignupInteractorTests.swift in Sources */ = {isa = PBXBuildFile; fileRef = 2CADD73E6D0D5EC1E2247A23 /* SignupInteractorTests.swift */; };
		E624AB307B8505DE5A122D9A /* LoginRouterInput.swift in Sources */ = {isa = PBXBuildFile; fileRef = B4F3E96C5D581509DFA233CC /* LoginRouterInput.swift */; };
		E733286FBD9DA4D432D61931 /* Pods_Eisenhower_TodoUITests.framework in Frameworks */ = {isa = PBXBuildFile; fileRef = 28D3630FF04A816E7C0D0BD8 /* Pods_Eisenhower_TodoUITests.framework */; };
		F25B5A89A5DC2453CDDC3039 /* SignupInteractor.swift in Sources */ = {isa = PBXBuildFile; fileRef = F73374FF9B97EF7A072C3961 /* SignupInteractor.swift */; };
		F421F6A3BC1E2D71588FECDD /* SignupInitializer.swift in Sources */ = {isa = PBXBuildFile; fileRef = 04312CEBFF8B8294E390BC55 /* SignupInitializer.swift */; };
		F5EBD93F0FB3E855AB975C14 /* SignupViewTests.swift in Sources */ = {isa = PBXBuildFile; fileRef = 4AF14F5B4CA130A1D97D9D93 /* SignupViewTests.swift */; };
/* End PBXBuildFile section */

/* Begin PBXContainerItemProxy section */
		C0D716392040188B00D52A57 /* PBXContainerItemProxy */ = {
			isa = PBXContainerItemProxy;
			containerPortal = C0D7161C2040188B00D52A57 /* Project object */;
			proxyType = 1;
			remoteGlobalIDString = C0D716232040188B00D52A57;
			remoteInfo = "Eisenhower Todo";
		};
		C0D716442040188B00D52A57 /* PBXContainerItemProxy */ = {
			isa = PBXContainerItemProxy;
			containerPortal = C0D7161C2040188B00D52A57 /* Project object */;
			proxyType = 1;
			remoteGlobalIDString = C0D716232040188B00D52A57;
			remoteInfo = "Eisenhower Todo";
		};
/* End PBXContainerItemProxy section */

/* Begin PBXFileReference section */
		0175A28B69C1DAF7EB08516D /* LoginConfigurator.swift */ = {isa = PBXFileReference; includeInIndex = 1; lastKnownFileType = sourcecode.swift; path = LoginConfigurator.swift; sourceTree = "<group>"; };
		04312CEBFF8B8294E390BC55 /* SignupInitializer.swift */ = {isa = PBXFileReference; includeInIndex = 1; lastKnownFileType = sourcecode.swift; path = SignupInitializer.swift; sourceTree = "<group>"; };
		05D90160FEE0C34F5D7C3DF9 /* TaskDashboardConfigurator.swift */ = {isa = PBXFileReference; includeInIndex = 1; lastKnownFileType = sourcecode.swift; path = TaskDashboardConfigurator.swift; sourceTree = "<group>"; };
		0FE902BEE41DE03349F07F8D /* TaskDashboardViewTests.swift */ = {isa = PBXFileReference; includeInIndex = 1; lastKnownFileType = sourcecode.swift; path = TaskDashboardViewTests.swift; sourceTree = "<group>"; };
		1443DED74D387FC48FC49FD4 /* LoginModuleInput.swift */ = {isa = PBXFileReference; includeInIndex = 1; lastKnownFileType = sourcecode.swift; path = LoginModuleInput.swift; sourceTree = "<group>"; };
		146F99E51207442702B2020D /* TaskDashboardPresenterTests.swift */ = {isa = PBXFileReference; includeInIndex = 1; lastKnownFileType = sourcecode.swift; path = TaskDashboardPresenterTests.swift; sourceTree = "<group>"; };
		15B5223ACCAF559B51C91C18 /* LoginPresenterTests.swift */ = {isa = PBXFileReference; includeInIndex = 1; lastKnownFileType = sourcecode.swift; path = LoginPresenterTests.swift; sourceTree = "<group>"; };
		16333E6CCFB055DB5B25E78D /* SignupViewController.swift */ = {isa = PBXFileReference; includeInIndex = 1; lastKnownFileType = sourcecode.swift; path = SignupViewController.swift; sourceTree = "<group>"; };
		181FF3E020AB6CA83663ABC3 /* TaskDashboardInitializer.swift */ = {isa = PBXFileReference; includeInIndex = 1; lastKnownFileType = sourcecode.swift; path = TaskDashboardInitializer.swift; sourceTree = "<group>"; };
		20BCF623DC3BA22B240642C2 /* LoginViewOutput.swift */ = {isa = PBXFileReference; includeInIndex = 1; lastKnownFileType = sourcecode.swift; path = LoginViewOutput.swift; sourceTree = "<group>"; };
		21CB26D9A7C7E9700DC721F2 /* SignupRouterTests.swift */ = {isa = PBXFileReference; includeInIndex = 1; lastKnownFileType = sourcecode.swift; path = SignupRouterTests.swift; sourceTree = "<group>"; };
		27924A74D8C51D87795D9092 /* Pods-Eisenhower TodoTests.release.xcconfig */ = {isa = PBXFileReference; includeInIndex = 1; lastKnownFileType = text.xcconfig; name = "Pods-Eisenhower TodoTests.release.xcconfig"; path = "Pods/Target Support Files/Pods-Eisenhower TodoTests/Pods-Eisenhower TodoTests.release.xcconfig"; sourceTree = "<group>"; };
		28D3630FF04A816E7C0D0BD8 /* Pods_Eisenhower_TodoUITests.framework */ = {isa = PBXFileReference; explicitFileType = wrapper.framework; includeInIndex = 0; path = Pods_Eisenhower_TodoUITests.framework; sourceTree = BUILT_PRODUCTS_DIR; };
		2CADD73E6D0D5EC1E2247A23 /* SignupInteractorTests.swift */ = {isa = PBXFileReference; includeInIndex = 1; lastKnownFileType = sourcecode.swift; path = SignupInteractorTests.swift; sourceTree = "<group>"; };
		2D03F90B344235E15064E5DF /* TaskDashboardViewOutput.swift */ = {isa = PBXFileReference; includeInIndex = 1; lastKnownFileType = sourcecode.swift; path = TaskDashboardViewOutput.swift; sourceTree = "<group>"; };
		330CCC0584E234FD2A497B6E /* SignupPresenterTests.swift */ = {isa = PBXFileReference; includeInIndex = 1; lastKnownFileType = sourcecode.swift; path = SignupPresenterTests.swift; sourceTree = "<group>"; };
		36A5BF422067DF5C0040ED5D /* UserCreationServiceInput.swift */ = {isa = PBXFileReference; lastKnownFileType = sourcecode.swift; path = UserCreationServiceInput.swift; sourceTree = "<group>"; };
		36A5BF442067DF690040ED5D /* UserCreationServiceOutput.swift */ = {isa = PBXFileReference; lastKnownFileType = sourcecode.swift; path = UserCreationServiceOutput.swift; sourceTree = "<group>"; };
		36A5BF462067DF7D0040ED5D /* UserCreationService.swift */ = {isa = PBXFileReference; lastKnownFileType = sourcecode.swift; path = UserCreationService.swift; sourceTree = "<group>"; };
		36A90556205E9F33003DE982 /* AuthLoginService.swift */ = {isa = PBXFileReference; lastKnownFileType = sourcecode.swift; path = AuthLoginService.swift; sourceTree = "<group>"; };
		36A90558205E9FCC003DE982 /* LoginAuthServicrInput.swift */ = {isa = PBXFileReference; lastKnownFileType = sourcecode.swift; path = LoginAuthServicrInput.swift; sourceTree = "<group>"; };
		36A9055A205E9FDE003DE982 /* LoginAuthServiceOutput.swift */ = {isa = PBXFileReference; lastKnownFileType = sourcecode.swift; path = LoginAuthServiceOutput.swift; sourceTree = "<group>"; };
		36A9055C205EB582003DE982 /* User.swift */ = {isa = PBXFileReference; lastKnownFileType = sourcecode.swift; path = User.swift; sourceTree = "<group>"; };
		39264A4520AD3955387D5F43 /* LoginRouterTests.swift */ = {isa = PBXFileReference; includeInIndex = 1; lastKnownFileType = sourcecode.swift; path = LoginRouterTests.swift; sourceTree = "<group>"; };
		3BE1A11DFA7CFE02B4F0DD4F /* TaskDashboardPresenter.swift */ = {isa = PBXFileReference; includeInIndex = 1; lastKnownFileType = sourcecode.swift; path = TaskDashboardPresenter.swift; sourceTree = "<group>"; };
		3E45758799DD2F6FB504C966 /* SignupModuleInput.swift */ = {isa = PBXFileReference; includeInIndex = 1; lastKnownFileType = sourcecode.swift; path = SignupModuleInput.swift; sourceTree = "<group>"; };
		46905326FF1D283FCD0E1378 /* TaskDashboardModuleInput.swift */ = {isa = PBXFileReference; includeInIndex = 1; lastKnownFileType = sourcecode.swift; path = TaskDashboardModuleInput.swift; sourceTree = "<group>"; };
		484A0A9318642242C38190A5 /* LoginInteractor.swift */ = {isa = PBXFileReference; includeInIndex = 1; lastKnownFileType = sourcecode.swift; path = LoginInteractor.swift; sourceTree = "<group>"; };
		4AF14F5B4CA130A1D97D9D93 /* SignupViewTests.swift */ = {isa = PBXFileReference; includeInIndex = 1; lastKnownFileType = sourcecode.swift; path = SignupViewTests.swift; sourceTree = "<group>"; };
		4C5CD0D18B3B82663097F791 /* LoginInteractorOutput.swift */ = {isa = PBXFileReference; includeInIndex = 1; lastKnownFileType = sourcecode.swift; path = LoginInteractorOutput.swift; sourceTree = "<group>"; };
		4E85D3289D9BD8ECEEEBB276 /* TaskDashboardInteractorInput.swift */ = {isa = PBXFileReference; includeInIndex = 1; lastKnownFileType = sourcecode.swift; path = TaskDashboardInteractorInput.swift; sourceTree = "<group>"; };
		5BA2EFF987E903B332821461 /* LoginInteractorTests.swift */ = {isa = PBXFileReference; includeInIndex = 1; lastKnownFileType = sourcecode.swift; path = LoginInteractorTests.swift; sourceTree = "<group>"; };
		620C87F753564AA71A949B6C /* LoginConfiguratorTests.swift */ = {isa = PBXFileReference; includeInIndex = 1; lastKnownFileType = sourcecode.swift; path = LoginConfiguratorTests.swift; sourceTree = "<group>"; };
		6AF7142C6B32714778AFE699 /* Pods_Eisenhower_TodoTests.framework */ = {isa = PBXFileReference; explicitFileType = wrapper.framework; includeInIndex = 0; path = Pods_Eisenhower_TodoTests.framework; sourceTree = BUILT_PRODUCTS_DIR; };
		7002ABBFEA49D4FCA040A3AF /* TaskDashboardInteractor.swift */ = {isa = PBXFileReference; includeInIndex = 1; lastKnownFileType = sourcecode.swift; path = TaskDashboardInteractor.swift; sourceTree = "<group>"; };
		712D0C3EDBADC16E5EE34FB0 /* TaskDashboardConfiguratorTests.swift */ = {isa = PBXFileReference; includeInIndex = 1; lastKnownFileType = sourcecode.swift; path = TaskDashboardConfiguratorTests.swift; sourceTree = "<group>"; };
		8261C41B7BCDDF1510D0D8E8 /* SignupRouterInput.swift */ = {isa = PBXFileReference; includeInIndex = 1; lastKnownFileType = sourcecode.swift; path = SignupRouterInput.swift; sourceTree = "<group>"; };
		884ECF09A5D9906E7A92CC39 /* LoginInitializer.swift */ = {isa = PBXFileReference; includeInIndex = 1; lastKnownFileType = sourcecode.swift; path = LoginInitializer.swift; sourceTree = "<group>"; };
		926B71B71818D3CA15E39883 /* TaskDashboardRouterTests.swift */ = {isa = PBXFileReference; includeInIndex = 1; lastKnownFileType = sourcecode.swift; path = TaskDashboardRouterTests.swift; sourceTree = "<group>"; };
		93300641C8B9711EFBA61192 /* TaskDashboardRouter.swift */ = {isa = PBXFileReference; includeInIndex = 1; lastKnownFileType = sourcecode.swift; path = TaskDashboardRouter.swift; sourceTree = "<group>"; };
		93654EC32EC5F4B172BE01D1 /* Pods-Eisenhower TodoTests.debug.xcconfig */ = {isa = PBXFileReference; includeInIndex = 1; lastKnownFileType = text.xcconfig; name = "Pods-Eisenhower TodoTests.debug.xcconfig"; path = "Pods/Target Support Files/Pods-Eisenhower TodoTests/Pods-Eisenhower TodoTests.debug.xcconfig"; sourceTree = "<group>"; };
		9452CEC73768ED8B111FFDB4 /* LoginRouter.swift */ = {isa = PBXFileReference; includeInIndex = 1; lastKnownFileType = sourcecode.swift; path = LoginRouter.swift; sourceTree = "<group>"; };
		9851B3DF795A62E46AB3D4B7 /* LoginViewController.swift */ = {isa = PBXFileReference; includeInIndex = 1; lastKnownFileType = sourcecode.swift; path = LoginViewController.swift; sourceTree = "<group>"; };
		9CDC13F215790E8127A80993 /* TaskDashboardRouterInput.swift */ = {isa = PBXFileReference; includeInIndex = 1; lastKnownFileType = sourcecode.swift; path = TaskDashboardRouterInput.swift; sourceTree = "<group>"; };
		9E6C0CA7A2CF4F67FDE937E0 /* LoginPresenter.swift */ = {isa = PBXFileReference; includeInIndex = 1; lastKnownFileType = sourcecode.swift; path = LoginPresenter.swift; sourceTree = "<group>"; };
		9ECB8456E097329C077ED5E1 /* SignupPresenter.swift */ = {isa = PBXFileReference; includeInIndex = 1; lastKnownFileType = sourcecode.swift; path = SignupPresenter.swift; sourceTree = "<group>"; };
		A28C711FF3DA3846B3C6945A /* SignupInteractorOutput.swift */ = {isa = PBXFileReference; includeInIndex = 1; lastKnownFileType = sourcecode.swift; path = SignupInteractorOutput.swift; sourceTree = "<group>"; };
		A4195F6FEC552A8CF746D196 /* SignupRouter.swift */ = {isa = PBXFileReference; includeInIndex = 1; lastKnownFileType = sourcecode.swift; path = SignupRouter.swift; sourceTree = "<group>"; };
		AB6974C8C8FECCDB364B9B98 /* LoginViewInput.swift */ = {isa = PBXFileReference; includeInIndex = 1; lastKnownFileType = sourcecode.swift; path = LoginViewInput.swift; sourceTree = "<group>"; };
		AE44520F66CEC8B9402FE507 /* LoginInteractorInput.swift */ = {isa = PBXFileReference; includeInIndex = 1; lastKnownFileType = sourcecode.swift; path = LoginInteractorInput.swift; sourceTree = "<group>"; };
		B4F3E96C5D581509DFA233CC /* LoginRouterInput.swift */ = {isa = PBXFileReference; includeInIndex = 1; lastKnownFileType = sourcecode.swift; path = LoginRouterInput.swift; sourceTree = "<group>"; };
		BA7AD861692B5A2F636F2478 /* Pods-Eisenhower TodoUITests.debug.xcconfig */ = {isa = PBXFileReference; includeInIndex = 1; lastKnownFileType = text.xcconfig; name = "Pods-Eisenhower TodoUITests.debug.xcconfig"; path = "Pods/Target Support Files/Pods-Eisenhower TodoUITests/Pods-Eisenhower TodoUITests.debug.xcconfig"; sourceTree = "<group>"; };
		BB4ABE65853F0B80A2E1CE2A /* Pods-Eisenhower Todo.release.xcconfig */ = {isa = PBXFileReference; includeInIndex = 1; lastKnownFileType = text.xcconfig; name = "Pods-Eisenhower Todo.release.xcconfig"; path = "Pods/Target Support Files/Pods-Eisenhower Todo/Pods-Eisenhower Todo.release.xcconfig"; sourceTree = "<group>"; };
		C046B33F2057020700128FEE /* DataManagerOutput.swift */ = {isa = PBXFileReference; lastKnownFileType = sourcecode.swift; path = DataManagerOutput.swift; sourceTree = "<group>"; };
		C046B34220586B3700128FEE /* TaskDashboardDataMangerInput.swift */ = {isa = PBXFileReference; lastKnownFileType = sourcecode.swift; path = TaskDashboardDataMangerInput.swift; sourceTree = "<group>"; };
		C046B34420586B6600128FEE /* TaskDashboardDataManagerOutput.swift */ = {isa = PBXFileReference; lastKnownFileType = sourcecode.swift; path = TaskDashboardDataManagerOutput.swift; sourceTree = "<group>"; };
		C06A7AE520401DFF00E11F51 /* GoogleToolboxForMac.framework */ = {isa = PBXFileReference; explicitFileType = wrapper.framework; path = GoogleToolboxForMac.framework; sourceTree = BUILT_PRODUCTS_DIR; };
		C0A0BCD120436F8B00BBFC14 /* Task.swift */ = {isa = PBXFileReference; lastKnownFileType = sourcecode.swift; path = Task.swift; sourceTree = "<group>"; };
		C0A0BCD320447FF500BBFC14 /* TaskCollectionViewCell.swift */ = {isa = PBXFileReference; lastKnownFileType = sourcecode.swift; path = TaskCollectionViewCell.swift; sourceTree = "<group>"; };
		C0A0F5AA2059BE98000979FC /* TaskDashBoardFirebaseManager.swift */ = {isa = PBXFileReference; lastKnownFileType = sourcecode.swift; path = TaskDashBoardFirebaseManager.swift; sourceTree = "<group>"; };
		C0A0F5AC2059C728000979FC /* Constant.swift */ = {isa = PBXFileReference; lastKnownFileType = sourcecode.swift; path = Constant.swift; sourceTree = "<group>"; };
		C0A0F5AF2059CD84000979FC /* TaskDashBoardFirebaseManagerTest.swift */ = {isa = PBXFileReference; lastKnownFileType = sourcecode.swift; path = TaskDashBoardFirebaseManagerTest.swift; sourceTree = "<group>"; };
		C0A0F5B32059EBE4000979FC /* GoogleService-Info.plist */ = {isa = PBXFileReference; fileEncoding = 4; lastKnownFileType = text.plist.xml; path = "GoogleService-Info.plist"; sourceTree = "<group>"; };
		C0D716242040188B00D52A57 /* Eisenhower Todo.app */ = {isa = PBXFileReference; explicitFileType = wrapper.application; includeInIndex = 0; path = "Eisenhower Todo.app"; sourceTree = BUILT_PRODUCTS_DIR; };
		C0D716272040188B00D52A57 /* AppDelegate.swift */ = {isa = PBXFileReference; lastKnownFileType = sourcecode.swift; path = AppDelegate.swift; sourceTree = "<group>"; };
		C0D7162C2040188B00D52A57 /* Base */ = {isa = PBXFileReference; lastKnownFileType = file.storyboard; name = Base; path = Base.lproj/Main.storyboard; sourceTree = "<group>"; };
		C0D7162E2040188B00D52A57 /* Assets.xcassets */ = {isa = PBXFileReference; lastKnownFileType = folder.assetcatalog; path = Assets.xcassets; sourceTree = "<group>"; };
		C0D716312040188B00D52A57 /* Base */ = {isa = PBXFileReference; lastKnownFileType = file.storyboard; name = Base; path = Base.lproj/LaunchScreen.storyboard; sourceTree = "<group>"; };
		C0D716332040188B00D52A57 /* Info.plist */ = {isa = PBXFileReference; lastKnownFileType = text.plist.xml; path = Info.plist; sourceTree = "<group>"; };
		C0D716382040188B00D52A57 /* Eisenhower TodoTests.xctest */ = {isa = PBXFileReference; explicitFileType = wrapper.cfbundle; includeInIndex = 0; path = "Eisenhower TodoTests.xctest"; sourceTree = BUILT_PRODUCTS_DIR; };
		C0D7163C2040188B00D52A57 /* Eisenhower_TodoTests.swift */ = {isa = PBXFileReference; lastKnownFileType = sourcecode.swift; path = Eisenhower_TodoTests.swift; sourceTree = "<group>"; };
		C0D7163E2040188B00D52A57 /* Info.plist */ = {isa = PBXFileReference; lastKnownFileType = text.plist.xml; path = Info.plist; sourceTree = "<group>"; };
		C0D716432040188B00D52A57 /* Eisenhower TodoUITests.xctest */ = {isa = PBXFileReference; explicitFileType = wrapper.cfbundle; includeInIndex = 0; path = "Eisenhower TodoUITests.xctest"; sourceTree = BUILT_PRODUCTS_DIR; };
		C0D716472040188B00D52A57 /* Eisenhower_TodoUITests.swift */ = {isa = PBXFileReference; lastKnownFileType = sourcecode.swift; path = Eisenhower_TodoUITests.swift; sourceTree = "<group>"; };
		C0D716492040188B00D52A57 /* Info.plist */ = {isa = PBXFileReference; lastKnownFileType = text.plist.xml; path = Info.plist; sourceTree = "<group>"; };
		C0D71655204019B500D52A57 /* GoogleService-Info.plist */ = {isa = PBXFileReference; fileEncoding = 4; lastKnownFileType = text.plist.xml; path = "GoogleService-Info.plist"; sourceTree = "<group>"; };
		C0FDC7F1205585B3008A423A /* FireBaseManager.swift */ = {isa = PBXFileReference; lastKnownFileType = sourcecode.swift; path = FireBaseManager.swift; sourceTree = "<group>"; };
		C0FDC7F3205586FD008A423A /* DataManagerInput.swift */ = {isa = PBXFileReference; lastKnownFileType = sourcecode.swift; path = DataManagerInput.swift; sourceTree = "<group>"; };
		CCA81C55E057C74E21E21858 /* SignupConfigurator.swift */ = {isa = PBXFileReference; includeInIndex = 1; lastKnownFileType = sourcecode.swift; path = SignupConfigurator.swift; sourceTree = "<group>"; };
		D1AB21A18721C99F6E2FB208 /* Pods-Eisenhower TodoUITests.release.xcconfig */ = {isa = PBXFileReference; includeInIndex = 1; lastKnownFileType = text.xcconfig; name = "Pods-Eisenhower TodoUITests.release.xcconfig"; path = "Pods/Target Support Files/Pods-Eisenhower TodoUITests/Pods-Eisenhower TodoUITests.release.xcconfig"; sourceTree = "<group>"; };
		D2947F7ACFF6A2C2E20BB3BD /* TaskDashboardInteractorTests.swift */ = {isa = PBXFileReference; includeInIndex = 1; lastKnownFileType = sourcecode.swift; path = TaskDashboardInteractorTests.swift; sourceTree = "<group>"; };
		DED38F66818F89D7BAB28571 /* Pods_Eisenhower_Todo.framework */ = {isa = PBXFileReference; explicitFileType = wrapper.framework; includeInIndex = 0; path = Pods_Eisenhower_Todo.framework; sourceTree = BUILT_PRODUCTS_DIR; };
		DFAF1EC3ABFECE4344A5F3B4 /* SignupConfiguratorTests.swift */ = {isa = PBXFileReference; includeInIndex = 1; lastKnownFileType = sourcecode.swift; path = SignupConfiguratorTests.swift; sourceTree = "<group>"; };
		E7F498CA06ED67C0F7763DDC /* TaskDashboardInteractorOutput.swift */ = {isa = PBXFileReference; includeInIndex = 1; lastKnownFileType = sourcecode.swift; path = TaskDashboardInteractorOutput.swift; sourceTree = "<group>"; };
		E88AE980A0E78005F5439DFA /* LoginViewTests.swift */ = {isa = PBXFileReference; includeInIndex = 1; lastKnownFileType = sourcecode.swift; path = LoginViewTests.swift; sourceTree = "<group>"; };
		EB26793A538FC7F6CF6C0E73 /* TaskDashboardViewInput.swift */ = {isa = PBXFileReference; includeInIndex = 1; lastKnownFileType = sourcecode.swift; path = TaskDashboardViewInput.swift; sourceTree = "<group>"; };
		EDD89D670248B4318F874EDB /* TaskDashboardViewController.swift */ = {isa = PBXFileReference; includeInIndex = 1; lastKnownFileType = sourcecode.swift; path = TaskDashboardViewController.swift; sourceTree = "<group>"; };
		F23B560DB65C2AE3E6B01558 /* Pods-Eisenhower Todo.debug.xcconfig */ = {isa = PBXFileReference; includeInIndex = 1; lastKnownFileType = text.xcconfig; name = "Pods-Eisenhower Todo.debug.xcconfig"; path = "Pods/Target Support Files/Pods-Eisenhower Todo/Pods-Eisenhower Todo.debug.xcconfig"; sourceTree = "<group>"; };
		F73374FF9B97EF7A072C3961 /* SignupInteractor.swift */ = {isa = PBXFileReference; includeInIndex = 1; lastKnownFileType = sourcecode.swift; path = SignupInteractor.swift; sourceTree = "<group>"; };
		F9D817FAC4A995721760B677 /* SignupViewInput.swift */ = {isa = PBXFileReference; includeInIndex = 1; lastKnownFileType = sourcecode.swift; path = SignupViewInput.swift; sourceTree = "<group>"; };
		FBF782D9B2A188C817A3D44C /* SignupInteractorInput.swift */ = {isa = PBXFileReference; includeInIndex = 1; lastKnownFileType = sourcecode.swift; path = SignupInteractorInput.swift; sourceTree = "<group>"; };
		FD75C91E436F0F740224747E /* SignupViewOutput.swift */ = {isa = PBXFileReference; includeInIndex = 1; lastKnownFileType = sourcecode.swift; path = SignupViewOutput.swift; sourceTree = "<group>"; };
/* End PBXFileReference section */

/* Begin PBXFrameworksBuildPhase section */
		C0D716212040188B00D52A57 /* Frameworks */ = {
			isa = PBXFrameworksBuildPhase;
			buildActionMask = 2147483647;
			files = (
				C06A7AE420401DFF00E11F51 /* GoogleToolboxForMac.framework in Frameworks */,
				726BFC17C270F533C60683E8 /* Pods_Eisenhower_Todo.framework in Frameworks */,
			);
			runOnlyForDeploymentPostprocessing = 0;
		};
		C0D716352040188B00D52A57 /* Frameworks */ = {
			isa = PBXFrameworksBuildPhase;
			buildActionMask = 2147483647;
			files = (
				9AA2396BEE81EF7CE680A30E /* Pods_Eisenhower_TodoTests.framework in Frameworks */,
			);
			runOnlyForDeploymentPostprocessing = 0;
		};
		C0D716402040188B00D52A57 /* Frameworks */ = {
			isa = PBXFrameworksBuildPhase;
			buildActionMask = 2147483647;
			files = (
				E733286FBD9DA4D432D61931 /* Pods_Eisenhower_TodoUITests.framework in Frameworks */,
			);
			runOnlyForDeploymentPostprocessing = 0;
		};
/* End PBXFrameworksBuildPhase section */

/* Begin PBXGroup section */
		0B8CE41A3D743B6F3ADCBADD /* View */ = {
			isa = PBXGroup;
			children = (
				F9D817FAC4A995721760B677 /* SignupViewInput.swift */,
				FD75C91E436F0F740224747E /* SignupViewOutput.swift */,
				16333E6CCFB055DB5B25E78D /* SignupViewController.swift */,
			);
			path = View;
			sourceTree = "<group>";
		};
		0E04C9E5BE3912A6616F8FCA /* TaskDashboard */ = {
			isa = PBXGroup;
			children = (
				C0A0F5AE2059CD47000979FC /* DataManager */,
				EC31B7AF81CABA7D242CD826 /* Configurator */,
				717E5B4EB9C0C37BC5087994 /* View */,
				2190503E9439AED697567E3D /* Interactor */,
				2C386F64B5B1F8A9D075F93D /* Presenter */,
				0E8FD8D269153F8AC3A57E3F /* Router */,
			);
			path = TaskDashboard;
			sourceTree = "<group>";
		};
		0E8FD8D269153F8AC3A57E3F /* Router */ = {
			isa = PBXGroup;
			children = (
				926B71B71818D3CA15E39883 /* TaskDashboardRouterTests.swift */,
			);
			path = Router;
			sourceTree = "<group>";
		};
		0F8BC92D3F0FF5F0359C3DA3 /* Interactor */ = {
			isa = PBXGroup;
			children = (
				FBF782D9B2A188C817A3D44C /* SignupInteractorInput.swift */,
				A28C711FF3DA3846B3C6945A /* SignupInteractorOutput.swift */,
				F73374FF9B97EF7A072C3961 /* SignupInteractor.swift */,
			);
			path = Interactor;
			sourceTree = "<group>";
		};
		117907D13088F0075B683332 /* Presenter */ = {
			isa = PBXGroup;
			children = (
				46905326FF1D283FCD0E1378 /* TaskDashboardModuleInput.swift */,
				3BE1A11DFA7CFE02B4F0DD4F /* TaskDashboardPresenter.swift */,
			);
			path = Presenter;
			sourceTree = "<group>";
		};
		18D4EBE4EAB61A7381B96BD2 /* Configurator */ = {
			isa = PBXGroup;
			children = (
				05D90160FEE0C34F5D7C3DF9 /* TaskDashboardConfigurator.swift */,
				181FF3E020AB6CA83663ABC3 /* TaskDashboardInitializer.swift */,
			);
			path = Configurator;
			sourceTree = "<group>";
		};
		1B1D17B7C6F1E7D49626AC29 /* Router */ = {
			isa = PBXGroup;
			children = (
				39264A4520AD3955387D5F43 /* LoginRouterTests.swift */,
			);
			path = Router;
			sourceTree = "<group>";
		};
		1CFCCB8ABC30696ED9D25CDD /* Frameworks */ = {
			isa = PBXGroup;
			children = (
				C06A7AE520401DFF00E11F51 /* GoogleToolboxForMac.framework */,
				DED38F66818F89D7BAB28571 /* Pods_Eisenhower_Todo.framework */,
				6AF7142C6B32714778AFE699 /* Pods_Eisenhower_TodoTests.framework */,
				28D3630FF04A816E7C0D0BD8 /* Pods_Eisenhower_TodoUITests.framework */,
			);
			name = Frameworks;
			sourceTree = "<group>";
		};
		2190503E9439AED697567E3D /* Interactor */ = {
			isa = PBXGroup;
			children = (
				D2947F7ACFF6A2C2E20BB3BD /* TaskDashboardInteractorTests.swift */,
			);
			path = Interactor;
			sourceTree = "<group>";
		};
		2C386F64B5B1F8A9D075F93D /* Presenter */ = {
			isa = PBXGroup;
			children = (
				146F99E51207442702B2020D /* TaskDashboardPresenterTests.swift */,
			);
			path = Presenter;
			sourceTree = "<group>";
		};
		2C54717EB929F645DE0961F1 /* Interactor */ = {
			isa = PBXGroup;
			children = (
				4E85D3289D9BD8ECEEEBB276 /* TaskDashboardInteractorInput.swift */,
				E7F498CA06ED67C0F7763DDC /* TaskDashboardInteractorOutput.swift */,
				7002ABBFEA49D4FCA040A3AF /* TaskDashboardInteractor.swift */,
			);
			path = Interactor;
			sourceTree = "<group>";
		};
		3647E42DD6EF7EF05F61F2BE /* Configurator */ = {
			isa = PBXGroup;
			children = (
				DFAF1EC3ABFECE4344A5F3B4 /* SignupConfiguratorTests.swift */,
			);
			path = Configurator;
			sourceTree = "<group>";
		};
		36A5BF412067DEDB0040ED5D /* DataManager */ = {
			isa = PBXGroup;
			children = (
				36A5BF422067DF5C0040ED5D /* UserCreationServiceInput.swift */,
				36A5BF442067DF690040ED5D /* UserCreationServiceOutput.swift */,
				36A5BF462067DF7D0040ED5D /* UserCreationService.swift */,
			);
			path = DataManager;
			sourceTree = "<group>";
		};
		36A90555205E9EDC003DE982 /* DataManager */ = {
			isa = PBXGroup;
			children = (
				36A90556205E9F33003DE982 /* AuthLoginService.swift */,
				36A90558205E9FCC003DE982 /* LoginAuthServicrInput.swift */,
				36A9055A205E9FDE003DE982 /* LoginAuthServiceOutput.swift */,
			);
			path = DataManager;
			sourceTree = "<group>";
		};
		3AFBF132550AF8A0E3B0D6A7 /* TaskDashboard */ = {
			isa = PBXGroup;
			children = (
				C046B34120586AD800128FEE /* DataManager */,
				57DDC935F9F3AE56C19ECB47 /* View */,
				117907D13088F0075B683332 /* Presenter */,
				2C54717EB929F645DE0961F1 /* Interactor */,
				62566466C9360A3E8C46D8A2 /* Router */,
				18D4EBE4EAB61A7381B96BD2 /* Configurator */,
			);
			path = TaskDashboard;
			sourceTree = "<group>";
		};
		5313FDD5CEAD7EA1606337F1 /* View */ = {
			isa = PBXGroup;
			children = (
				AB6974C8C8FECCDB364B9B98 /* LoginViewInput.swift */,
				20BCF623DC3BA22B240642C2 /* LoginViewOutput.swift */,
				9851B3DF795A62E46AB3D4B7 /* LoginViewController.swift */,
			);
			path = View;
			sourceTree = "<group>";
		};
		551FE9EBDE7FEA03623C7AC8 /* Presenter */ = {
			isa = PBXGroup;
			children = (
				3E45758799DD2F6FB504C966 /* SignupModuleInput.swift */,
				9ECB8456E097329C077ED5E1 /* SignupPresenter.swift */,
			);
			path = Presenter;
			sourceTree = "<group>";
		};
		57DDC935F9F3AE56C19ECB47 /* View */ = {
			isa = PBXGroup;
			children = (
				EB26793A538FC7F6CF6C0E73 /* TaskDashboardViewInput.swift */,
				2D03F90B344235E15064E5DF /* TaskDashboardViewOutput.swift */,
				EDD89D670248B4318F874EDB /* TaskDashboardViewController.swift */,
				C0A0BCD320447FF500BBFC14 /* TaskCollectionViewCell.swift */,
			);
			path = View;
			sourceTree = "<group>";
		};
		624CBDF9D8BD7BFA66B9CA3C /* Signup */ = {
			isa = PBXGroup;
			children = (
				3647E42DD6EF7EF05F61F2BE /* Configurator */,
				CD894BAF850D2762AECD5F80 /* View */,
				6E82B491CC70AA761A81DD41 /* Interactor */,
				7952FD3261823FA5D0F874EA /* Presenter */,
				747BD65ACDF67AD96203A035 /* Router */,
			);
			path = Signup;
			sourceTree = "<group>";
		};
		62566466C9360A3E8C46D8A2 /* Router */ = {
			isa = PBXGroup;
			children = (
				9CDC13F215790E8127A80993 /* TaskDashboardRouterInput.swift */,
				93300641C8B9711EFBA61192 /* TaskDashboardRouter.swift */,
			);
			path = Router;
			sourceTree = "<group>";
		};
		66E6BE7FA0AA77750B110B15 /* Interactor */ = {
			isa = PBXGroup;
			children = (
				AE44520F66CEC8B9402FE507 /* LoginInteractorInput.swift */,
				4C5CD0D18B3B82663097F791 /* LoginInteractorOutput.swift */,
				484A0A9318642242C38190A5 /* LoginInteractor.swift */,
			);
			path = Interactor;
			sourceTree = "<group>";
		};
		6E82B491CC70AA761A81DD41 /* Interactor */ = {
			isa = PBXGroup;
			children = (
				2CADD73E6D0D5EC1E2247A23 /* SignupInteractorTests.swift */,
			);
			path = Interactor;
			sourceTree = "<group>";
		};
		7068D0C151CC5FBC3AF3342F /* Interactor */ = {
			isa = PBXGroup;
			children = (
				5BA2EFF987E903B332821461 /* LoginInteractorTests.swift */,
			);
			path = Interactor;
			sourceTree = "<group>";
		};
		717E5B4EB9C0C37BC5087994 /* View */ = {
			isa = PBXGroup;
			children = (
				0FE902BEE41DE03349F07F8D /* TaskDashboardViewTests.swift */,
			);
			path = View;
			sourceTree = "<group>";
		};
		747BD65ACDF67AD96203A035 /* Router */ = {
			isa = PBXGroup;
			children = (
				21CB26D9A7C7E9700DC721F2 /* SignupRouterTests.swift */,
			);
			path = Router;
			sourceTree = "<group>";
		};
		790FE2FFD438EABF67C3F817 /* Router */ = {
			isa = PBXGroup;
			children = (
				B4F3E96C5D581509DFA233CC /* LoginRouterInput.swift */,
				9452CEC73768ED8B111FFDB4 /* LoginRouter.swift */,
			);
			path = Router;
			sourceTree = "<group>";
		};
		7952FD3261823FA5D0F874EA /* Presenter */ = {
			isa = PBXGroup;
			children = (
				330CCC0584E234FD2A497B6E /* SignupPresenterTests.swift */,
			);
			path = Presenter;
			sourceTree = "<group>";
		};
		795435462BF2A819142140F4 /* Signup */ = {
			isa = PBXGroup;
			children = (
				36A5BF412067DEDB0040ED5D /* DataManager */,
				0B8CE41A3D743B6F3ADCBADD /* View */,
				551FE9EBDE7FEA03623C7AC8 /* Presenter */,
				0F8BC92D3F0FF5F0359C3DA3 /* Interactor */,
				D92703ED6D9EEACBA2FF6A62 /* Router */,
				EDD5DD715C16FBD14BE0AD43 /* Configurator */,
			);
			path = Signup;
			sourceTree = "<group>";
		};
		7EA994E13DF84B1D3ED9364D /* Presenter */ = {
			isa = PBXGroup;
			children = (
				15B5223ACCAF559B51C91C18 /* LoginPresenterTests.swift */,
			);
			path = Presenter;
			sourceTree = "<group>";
		};
		9E2F14F6EDE3F1D928071EFA /* View */ = {
			isa = PBXGroup;
			children = (
				E88AE980A0E78005F5439DFA /* LoginViewTests.swift */,
			);
			path = View;
			sourceTree = "<group>";
		};
		AE0C7E6BAA8D3A2241896CA1 /* Configurator */ = {
			isa = PBXGroup;
			children = (
				620C87F753564AA71A949B6C /* LoginConfiguratorTests.swift */,
			);
			path = Configurator;
			sourceTree = "<group>";
		};
		BD507283313C320C7C1BD526 /* Pods */ = {
			isa = PBXGroup;
			children = (
				F23B560DB65C2AE3E6B01558 /* Pods-Eisenhower Todo.debug.xcconfig */,
				BB4ABE65853F0B80A2E1CE2A /* Pods-Eisenhower Todo.release.xcconfig */,
				93654EC32EC5F4B172BE01D1 /* Pods-Eisenhower TodoTests.debug.xcconfig */,
				27924A74D8C51D87795D9092 /* Pods-Eisenhower TodoTests.release.xcconfig */,
				BA7AD861692B5A2F636F2478 /* Pods-Eisenhower TodoUITests.debug.xcconfig */,
				D1AB21A18721C99F6E2FB208 /* Pods-Eisenhower TodoUITests.release.xcconfig */,
			);
			name = Pods;
			sourceTree = "<group>";
		};
		C046B34120586AD800128FEE /* DataManager */ = {
			isa = PBXGroup;
			children = (
				C046B34220586B3700128FEE /* TaskDashboardDataMangerInput.swift */,
				C046B34420586B6600128FEE /* TaskDashboardDataManagerOutput.swift */,
				C0A0F5AA2059BE98000979FC /* TaskDashBoardFirebaseManager.swift */,
			);
			path = DataManager;
			sourceTree = "<group>";
		};
		C0A0BCD020436F3E00BBFC14 /* Entity */ = {
			isa = PBXGroup;
			children = (
				C0A0BCD120436F8B00BBFC14 /* Task.swift */,
				36A9055C205EB582003DE982 /* User.swift */,
			);
			path = Entity;
			sourceTree = "<group>";
		};
		C0A0F5AE2059CD47000979FC /* DataManager */ = {
			isa = PBXGroup;
			children = (
				C0A0F5AF2059CD84000979FC /* TaskDashBoardFirebaseManagerTest.swift */,
			);
			path = DataManager;
			sourceTree = "<group>";
		};
		C0D7161B2040188B00D52A57 = {
			isa = PBXGroup;
			children = (
				C0D716262040188B00D52A57 /* Eisenhower Todo */,
				C0D7163B2040188B00D52A57 /* Eisenhower TodoTests */,
				C0D716462040188B00D52A57 /* Eisenhower TodoUITests */,
				C0D716252040188B00D52A57 /* Products */,
				1CFCCB8ABC30696ED9D25CDD /* Frameworks */,
				BD507283313C320C7C1BD526 /* Pods */,
			);
			sourceTree = "<group>";
		};
		C0D716252040188B00D52A57 /* Products */ = {
			isa = PBXGroup;
			children = (
				C0D716242040188B00D52A57 /* Eisenhower Todo.app */,
				C0D716382040188B00D52A57 /* Eisenhower TodoTests.xctest */,
				C0D716432040188B00D52A57 /* Eisenhower TodoUITests.xctest */,
			);
			name = Products;
			sourceTree = "<group>";
		};
		C0D716262040188B00D52A57 /* Eisenhower Todo */ = {
			isa = PBXGroup;
			children = (
				C0FDC7F020558567008A423A /* Manager */,
				C0D716272040188B00D52A57 /* AppDelegate.swift */,
				C0D7162B2040188B00D52A57 /* Main.storyboard */,
				C0D7162E2040188B00D52A57 /* Assets.xcassets */,
				C0D716302040188B00D52A57 /* LaunchScreen.storyboard */,
				C0D71655204019B500D52A57 /* GoogleService-Info.plist */,
				C0D716332040188B00D52A57 /* Info.plist */,
				C0A0BCD020436F3E00BBFC14 /* Entity */,
				3AFBF132550AF8A0E3B0D6A7 /* TaskDashboard */,
				C0A0F5AC2059C728000979FC /* Constant.swift */,
				E972A08432EFD167D34BB3D5 /* Login */,
				795435462BF2A819142140F4 /* Signup */,
			);
			path = "Eisenhower Todo";
			sourceTree = "<group>";
		};
		C0D7163B2040188B00D52A57 /* Eisenhower TodoTests */ = {
			isa = PBXGroup;
			children = (
				C0A0F5B32059EBE4000979FC /* GoogleService-Info.plist */,
				C0D7163C2040188B00D52A57 /* Eisenhower_TodoTests.swift */,
				C0D7163E2040188B00D52A57 /* Info.plist */,
				0E04C9E5BE3912A6616F8FCA /* TaskDashboard */,
				D4CC3CC8D4D56BDE3A741FA0 /* Login */,
				624CBDF9D8BD7BFA66B9CA3C /* Signup */,
			);
			path = "Eisenhower TodoTests";
			sourceTree = "<group>";
		};
		C0D716462040188B00D52A57 /* Eisenhower TodoUITests */ = {
			isa = PBXGroup;
			children = (
				C0D716472040188B00D52A57 /* Eisenhower_TodoUITests.swift */,
				C0D716492040188B00D52A57 /* Info.plist */,
			);
			path = "Eisenhower TodoUITests";
			sourceTree = "<group>";
		};
		C0FDC7F020558567008A423A /* Manager */ = {
			isa = PBXGroup;
			children = (
				C0FDC7F1205585B3008A423A /* FireBaseManager.swift */,
				C046B33F2057020700128FEE /* DataManagerOutput.swift */,
				C0FDC7F3205586FD008A423A /* DataManagerInput.swift */,
			);
			path = Manager;
			sourceTree = "<group>";
		};
		CD894BAF850D2762AECD5F80 /* View */ = {
			isa = PBXGroup;
			children = (
				4AF14F5B4CA130A1D97D9D93 /* SignupViewTests.swift */,
			);
			path = View;
			sourceTree = "<group>";
		};
		D4CC3CC8D4D56BDE3A741FA0 /* Login */ = {
			isa = PBXGroup;
			children = (
				AE0C7E6BAA8D3A2241896CA1 /* Configurator */,
				9E2F14F6EDE3F1D928071EFA /* View */,
				7068D0C151CC5FBC3AF3342F /* Interactor */,
				7EA994E13DF84B1D3ED9364D /* Presenter */,
				1B1D17B7C6F1E7D49626AC29 /* Router */,
			);
			path = Login;
			sourceTree = "<group>";
		};
		D4E79993E565288F4A0F64EF /* Presenter */ = {
			isa = PBXGroup;
			children = (
				1443DED74D387FC48FC49FD4 /* LoginModuleInput.swift */,
				9E6C0CA7A2CF4F67FDE937E0 /* LoginPresenter.swift */,
			);
			path = Presenter;
			sourceTree = "<group>";
		};
		D92703ED6D9EEACBA2FF6A62 /* Router */ = {
			isa = PBXGroup;
			children = (
				8261C41B7BCDDF1510D0D8E8 /* SignupRouterInput.swift */,
				A4195F6FEC552A8CF746D196 /* SignupRouter.swift */,
			);
			path = Router;
			sourceTree = "<group>";
		};
		DD51419E6817F0D27E4376A2 /* Configurator */ = {
			isa = PBXGroup;
			children = (
				0175A28B69C1DAF7EB08516D /* LoginConfigurator.swift */,
				884ECF09A5D9906E7A92CC39 /* LoginInitializer.swift */,
			);
			path = Configurator;
			sourceTree = "<group>";
		};
		E972A08432EFD167D34BB3D5 /* Login */ = {
			isa = PBXGroup;
			children = (
				36A90555205E9EDC003DE982 /* DataManager */,
				5313FDD5CEAD7EA1606337F1 /* View */,
				D4E79993E565288F4A0F64EF /* Presenter */,
				66E6BE7FA0AA77750B110B15 /* Interactor */,
				790FE2FFD438EABF67C3F817 /* Router */,
				DD51419E6817F0D27E4376A2 /* Configurator */,
			);
			path = Login;
			sourceTree = "<group>";
		};
		EC31B7AF81CABA7D242CD826 /* Configurator */ = {
			isa = PBXGroup;
			children = (
				712D0C3EDBADC16E5EE34FB0 /* TaskDashboardConfiguratorTests.swift */,
			);
			path = Configurator;
			sourceTree = "<group>";
		};
		EDD5DD715C16FBD14BE0AD43 /* Configurator */ = {
			isa = PBXGroup;
			children = (
				CCA81C55E057C74E21E21858 /* SignupConfigurator.swift */,
				04312CEBFF8B8294E390BC55 /* SignupInitializer.swift */,
			);
			path = Configurator;
			sourceTree = "<group>";
		};
/* End PBXGroup section */

/* Begin PBXNativeTarget section */
		C0D716232040188B00D52A57 /* Eisenhower Todo */ = {
			isa = PBXNativeTarget;
			buildConfigurationList = C0D7164C2040188B00D52A57 /* Build configuration list for PBXNativeTarget "Eisenhower Todo" */;
			buildPhases = (
				8E096A4F6652BE8E34D56BC6 /* [CP] Check Pods Manifest.lock */,
				C0D716202040188B00D52A57 /* Sources */,
				C0D716212040188B00D52A57 /* Frameworks */,
				C0D716222040188B00D52A57 /* Resources */,
				5E8289468290D496B78A4A57 /* [CP] Embed Pods Frameworks */,
				AD8BDACCDC4C4F5AF3B75BF8 /* [CP] Copy Pods Resources */,
			);
			buildRules = (
			);
			dependencies = (
			);
			name = "Eisenhower Todo";
			productName = "Eisenhower Todo";
			productReference = C0D716242040188B00D52A57 /* Eisenhower Todo.app */;
			productType = "com.apple.product-type.application";
		};
		C0D716372040188B00D52A57 /* Eisenhower TodoTests */ = {
			isa = PBXNativeTarget;
			buildConfigurationList = C0D7164F2040188B00D52A57 /* Build configuration list for PBXNativeTarget "Eisenhower TodoTests" */;
			buildPhases = (
				6A65099C21409CD4D73C09B8 /* [CP] Check Pods Manifest.lock */,
				C0D716342040188B00D52A57 /* Sources */,
				C0D716352040188B00D52A57 /* Frameworks */,
				C0D716362040188B00D52A57 /* Resources */,
				FABC98AF69BB938D2EC94B48 /* [CP] Embed Pods Frameworks */,
				101243F742611C950AAED192 /* [CP] Copy Pods Resources */,
			);
			buildRules = (
			);
			dependencies = (
				C0D7163A2040188B00D52A57 /* PBXTargetDependency */,
			);
			name = "Eisenhower TodoTests";
			productName = "Eisenhower TodoTests";
			productReference = C0D716382040188B00D52A57 /* Eisenhower TodoTests.xctest */;
			productType = "com.apple.product-type.bundle.unit-test";
		};
		C0D716422040188B00D52A57 /* Eisenhower TodoUITests */ = {
			isa = PBXNativeTarget;
			buildConfigurationList = C0D716522040188B00D52A57 /* Build configuration list for PBXNativeTarget "Eisenhower TodoUITests" */;
			buildPhases = (
				6255FB2DB37A626506ECFBB9 /* [CP] Check Pods Manifest.lock */,
				C0D7163F2040188B00D52A57 /* Sources */,
				C0D716402040188B00D52A57 /* Frameworks */,
				C0D716412040188B00D52A57 /* Resources */,
				908798C642AE0566FE927973 /* [CP] Embed Pods Frameworks */,
				4048A82799B81DFC117D9561 /* [CP] Copy Pods Resources */,
			);
			buildRules = (
			);
			dependencies = (
				C0D716452040188B00D52A57 /* PBXTargetDependency */,
			);
			name = "Eisenhower TodoUITests";
			productName = "Eisenhower TodoUITests";
			productReference = C0D716432040188B00D52A57 /* Eisenhower TodoUITests.xctest */;
			productType = "com.apple.product-type.bundle.ui-testing";
		};
/* End PBXNativeTarget section */

/* Begin PBXProject section */
		C0D7161C2040188B00D52A57 /* Project object */ = {
			isa = PBXProject;
			attributes = {
				LastSwiftUpdateCheck = 0920;
				LastUpgradeCheck = 0920;
				ORGANIZATIONNAME = "Guillaume Sabatie";
				TargetAttributes = {
					C0D716232040188B00D52A57 = {
						CreatedOnToolsVersion = 9.2;
						ProvisioningStyle = Automatic;
					};
					C0D716372040188B00D52A57 = {
						CreatedOnToolsVersion = 9.2;
						ProvisioningStyle = Automatic;
						TestTargetID = C0D716232040188B00D52A57;
					};
					C0D716422040188B00D52A57 = {
						CreatedOnToolsVersion = 9.2;
						ProvisioningStyle = Automatic;
						TestTargetID = C0D716232040188B00D52A57;
					};
				};
			};
			buildConfigurationList = C0D7161F2040188B00D52A57 /* Build configuration list for PBXProject "Eisenhower Todo" */;
			compatibilityVersion = "Xcode 8.0";
			developmentRegion = en;
			hasScannedForEncodings = 0;
			knownRegions = (
				en,
				Base,
			);
			mainGroup = C0D7161B2040188B00D52A57;
			productRefGroup = C0D716252040188B00D52A57 /* Products */;
			projectDirPath = "";
			projectRoot = "";
			targets = (
				C0D716232040188B00D52A57 /* Eisenhower Todo */,
				C0D716372040188B00D52A57 /* Eisenhower TodoTests */,
				C0D716422040188B00D52A57 /* Eisenhower TodoUITests */,
			);
		};
/* End PBXProject section */

/* Begin PBXResourcesBuildPhase section */
		C0D716222040188B00D52A57 /* Resources */ = {
			isa = PBXResourcesBuildPhase;
			buildActionMask = 2147483647;
			files = (
				C0D716322040188B00D52A57 /* LaunchScreen.storyboard in Resources */,
				C0D71656204019B500D52A57 /* GoogleService-Info.plist in Resources */,
				C0D7162F2040188B00D52A57 /* Assets.xcassets in Resources */,
				C0D7162D2040188B00D52A57 /* Main.storyboard in Resources */,
			);
			runOnlyForDeploymentPostprocessing = 0;
		};
		C0D716362040188B00D52A57 /* Resources */ = {
			isa = PBXResourcesBuildPhase;
			buildActionMask = 2147483647;
			files = (
				C0A0F5B42059EBE4000979FC /* GoogleService-Info.plist in Resources */,
			);
			runOnlyForDeploymentPostprocessing = 0;
		};
		C0D716412040188B00D52A57 /* Resources */ = {
			isa = PBXResourcesBuildPhase;
			buildActionMask = 2147483647;
			files = (
			);
			runOnlyForDeploymentPostprocessing = 0;
		};
/* End PBXResourcesBuildPhase section */

/* Begin PBXShellScriptBuildPhase section */
		101243F742611C950AAED192 /* [CP] Copy Pods Resources */ = {
			isa = PBXShellScriptBuildPhase;
			buildActionMask = 2147483647;
			files = (
			);
			inputPaths = (
			);
			name = "[CP] Copy Pods Resources";
			outputPaths = (
			);
			runOnlyForDeploymentPostprocessing = 0;
			shellPath = /bin/sh;
			shellScript = "\"${SRCROOT}/Pods/Target Support Files/Pods-Eisenhower TodoTests/Pods-Eisenhower TodoTests-resources.sh\"\n";
			showEnvVarsInLog = 0;
		};
		4048A82799B81DFC117D9561 /* [CP] Copy Pods Resources */ = {
			isa = PBXShellScriptBuildPhase;
			buildActionMask = 2147483647;
			files = (
			);
			inputPaths = (
			);
			name = "[CP] Copy Pods Resources";
			outputPaths = (
			);
			runOnlyForDeploymentPostprocessing = 0;
			shellPath = /bin/sh;
			shellScript = "\"${SRCROOT}/Pods/Target Support Files/Pods-Eisenhower TodoUITests/Pods-Eisenhower TodoUITests-resources.sh\"\n";
			showEnvVarsInLog = 0;
		};
		5E8289468290D496B78A4A57 /* [CP] Embed Pods Frameworks */ = {
			isa = PBXShellScriptBuildPhase;
			buildActionMask = 2147483647;
			files = (
			);
			inputPaths = (
				"${SRCROOT}/Pods/Target Support Files/Pods-Eisenhower Todo/Pods-Eisenhower Todo-frameworks.sh",
				"${BUILT_PRODUCTS_DIR}/BoringSSL/openssl.framework",
				"${BUILT_PRODUCTS_DIR}/GTMSessionFetcher/GTMSessionFetcher.framework",
				"${BUILT_PRODUCTS_DIR}/GoogleToolboxForMac/GoogleToolboxForMac.framework",
				"${BUILT_PRODUCTS_DIR}/Protobuf/Protobuf.framework",
				"${BUILT_PRODUCTS_DIR}/Windless/Windless.framework",
				"${BUILT_PRODUCTS_DIR}/gRPC/GRPCClient.framework",
				"${BUILT_PRODUCTS_DIR}/gRPC-Core/grpc.framework",
				"${BUILT_PRODUCTS_DIR}/gRPC-ProtoRPC/ProtoRPC.framework",
				"${BUILT_PRODUCTS_DIR}/gRPC-RxLibrary/RxLibrary.framework",
				"${BUILT_PRODUCTS_DIR}/leveldb-library/leveldb.framework",
				"${BUILT_PRODUCTS_DIR}/nanopb/nanopb.framework",
			);
			name = "[CP] Embed Pods Frameworks";
			outputPaths = (
				"${TARGET_BUILD_DIR}/${FRAMEWORKS_FOLDER_PATH}/openssl.framework",
				"${TARGET_BUILD_DIR}/${FRAMEWORKS_FOLDER_PATH}/GTMSessionFetcher.framework",
				"${TARGET_BUILD_DIR}/${FRAMEWORKS_FOLDER_PATH}/GoogleToolboxForMac.framework",
				"${TARGET_BUILD_DIR}/${FRAMEWORKS_FOLDER_PATH}/Protobuf.framework",
				"${TARGET_BUILD_DIR}/${FRAMEWORKS_FOLDER_PATH}/Windless.framework",
				"${TARGET_BUILD_DIR}/${FRAMEWORKS_FOLDER_PATH}/GRPCClient.framework",
				"${TARGET_BUILD_DIR}/${FRAMEWORKS_FOLDER_PATH}/grpc.framework",
				"${TARGET_BUILD_DIR}/${FRAMEWORKS_FOLDER_PATH}/ProtoRPC.framework",
				"${TARGET_BUILD_DIR}/${FRAMEWORKS_FOLDER_PATH}/RxLibrary.framework",
				"${TARGET_BUILD_DIR}/${FRAMEWORKS_FOLDER_PATH}/leveldb.framework",
				"${TARGET_BUILD_DIR}/${FRAMEWORKS_FOLDER_PATH}/nanopb.framework",
			);
			runOnlyForDeploymentPostprocessing = 0;
			shellPath = /bin/sh;
			shellScript = "\"${SRCROOT}/Pods/Target Support Files/Pods-Eisenhower Todo/Pods-Eisenhower Todo-frameworks.sh\"\n";
			showEnvVarsInLog = 0;
		};
		6255FB2DB37A626506ECFBB9 /* [CP] Check Pods Manifest.lock */ = {
			isa = PBXShellScriptBuildPhase;
			buildActionMask = 2147483647;
			files = (
			);
			inputPaths = (
				"${PODS_PODFILE_DIR_PATH}/Podfile.lock",
				"${PODS_ROOT}/Manifest.lock",
			);
			name = "[CP] Check Pods Manifest.lock";
			outputPaths = (
				"$(DERIVED_FILE_DIR)/Pods-Eisenhower TodoUITests-checkManifestLockResult.txt",
			);
			runOnlyForDeploymentPostprocessing = 0;
			shellPath = /bin/sh;
			shellScript = "diff \"${PODS_PODFILE_DIR_PATH}/Podfile.lock\" \"${PODS_ROOT}/Manifest.lock\" > /dev/null\nif [ $? != 0 ] ; then\n    # print error to STDERR\n    echo \"error: The sandbox is not in sync with the Podfile.lock. Run 'pod install' or update your CocoaPods installation.\" >&2\n    exit 1\nfi\n# This output is used by Xcode 'outputs' to avoid re-running this script phase.\necho \"SUCCESS\" > \"${SCRIPT_OUTPUT_FILE_0}\"\n";
			showEnvVarsInLog = 0;
		};
		6A65099C21409CD4D73C09B8 /* [CP] Check Pods Manifest.lock */ = {
			isa = PBXShellScriptBuildPhase;
			buildActionMask = 2147483647;
			files = (
			);
			inputPaths = (
				"${PODS_PODFILE_DIR_PATH}/Podfile.lock",
				"${PODS_ROOT}/Manifest.lock",
			);
			name = "[CP] Check Pods Manifest.lock";
			outputPaths = (
				"$(DERIVED_FILE_DIR)/Pods-Eisenhower TodoTests-checkManifestLockResult.txt",
			);
			runOnlyForDeploymentPostprocessing = 0;
			shellPath = /bin/sh;
			shellScript = "diff \"${PODS_PODFILE_DIR_PATH}/Podfile.lock\" \"${PODS_ROOT}/Manifest.lock\" > /dev/null\nif [ $? != 0 ] ; then\n    # print error to STDERR\n    echo \"error: The sandbox is not in sync with the Podfile.lock. Run 'pod install' or update your CocoaPods installation.\" >&2\n    exit 1\nfi\n# This output is used by Xcode 'outputs' to avoid re-running this script phase.\necho \"SUCCESS\" > \"${SCRIPT_OUTPUT_FILE_0}\"\n";
			showEnvVarsInLog = 0;
		};
		8E096A4F6652BE8E34D56BC6 /* [CP] Check Pods Manifest.lock */ = {
			isa = PBXShellScriptBuildPhase;
			buildActionMask = 2147483647;
			files = (
			);
			inputPaths = (
				"${PODS_PODFILE_DIR_PATH}/Podfile.lock",
				"${PODS_ROOT}/Manifest.lock",
			);
			name = "[CP] Check Pods Manifest.lock";
			outputPaths = (
				"$(DERIVED_FILE_DIR)/Pods-Eisenhower Todo-checkManifestLockResult.txt",
			);
			runOnlyForDeploymentPostprocessing = 0;
			shellPath = /bin/sh;
			shellScript = "diff \"${PODS_PODFILE_DIR_PATH}/Podfile.lock\" \"${PODS_ROOT}/Manifest.lock\" > /dev/null\nif [ $? != 0 ] ; then\n    # print error to STDERR\n    echo \"error: The sandbox is not in sync with the Podfile.lock. Run 'pod install' or update your CocoaPods installation.\" >&2\n    exit 1\nfi\n# This output is used by Xcode 'outputs' to avoid re-running this script phase.\necho \"SUCCESS\" > \"${SCRIPT_OUTPUT_FILE_0}\"\n";
			showEnvVarsInLog = 0;
		};
		908798C642AE0566FE927973 /* [CP] Embed Pods Frameworks */ = {
			isa = PBXShellScriptBuildPhase;
			buildActionMask = 2147483647;
			files = (
			);
			inputPaths = (
				"${SRCROOT}/Pods/Target Support Files/Pods-Eisenhower TodoUITests/Pods-Eisenhower TodoUITests-frameworks.sh",
				"${BUILT_PRODUCTS_DIR}/Nimble/Nimble.framework",
				"${BUILT_PRODUCTS_DIR}/Quick/Quick.framework",
			);
			name = "[CP] Embed Pods Frameworks";
			outputPaths = (
				"${TARGET_BUILD_DIR}/${FRAMEWORKS_FOLDER_PATH}/Nimble.framework",
				"${TARGET_BUILD_DIR}/${FRAMEWORKS_FOLDER_PATH}/Quick.framework",
			);
			runOnlyForDeploymentPostprocessing = 0;
			shellPath = /bin/sh;
			shellScript = "\"${SRCROOT}/Pods/Target Support Files/Pods-Eisenhower TodoUITests/Pods-Eisenhower TodoUITests-frameworks.sh\"\n";
			showEnvVarsInLog = 0;
		};
		AD8BDACCDC4C4F5AF3B75BF8 /* [CP] Copy Pods Resources */ = {
			isa = PBXShellScriptBuildPhase;
			buildActionMask = 2147483647;
			files = (
			);
			inputPaths = (
			);
			name = "[CP] Copy Pods Resources";
			outputPaths = (
			);
			runOnlyForDeploymentPostprocessing = 0;
			shellPath = /bin/sh;
			shellScript = "\"${SRCROOT}/Pods/Target Support Files/Pods-Eisenhower Todo/Pods-Eisenhower Todo-resources.sh\"\n";
			showEnvVarsInLog = 0;
		};
		FABC98AF69BB938D2EC94B48 /* [CP] Embed Pods Frameworks */ = {
			isa = PBXShellScriptBuildPhase;
			buildActionMask = 2147483647;
			files = (
			);
			inputPaths = (
				"${SRCROOT}/Pods/Target Support Files/Pods-Eisenhower TodoTests/Pods-Eisenhower TodoTests-frameworks.sh",
				"${BUILT_PRODUCTS_DIR}/Nimble/Nimble.framework",
				"${BUILT_PRODUCTS_DIR}/Quick/Quick.framework",
			);
			name = "[CP] Embed Pods Frameworks";
			outputPaths = (
				"${TARGET_BUILD_DIR}/${FRAMEWORKS_FOLDER_PATH}/Nimble.framework",
				"${TARGET_BUILD_DIR}/${FRAMEWORKS_FOLDER_PATH}/Quick.framework",
			);
			runOnlyForDeploymentPostprocessing = 0;
			shellPath = /bin/sh;
			shellScript = "\"${SRCROOT}/Pods/Target Support Files/Pods-Eisenhower TodoTests/Pods-Eisenhower TodoTests-frameworks.sh\"\n";
			showEnvVarsInLog = 0;
		};
/* End PBXShellScriptBuildPhase section */

/* Begin PBXSourcesBuildPhase section */
		C0D716202040188B00D52A57 /* Sources */ = {
			isa = PBXSourcesBuildPhase;
			buildActionMask = 2147483647;
			files = (
				C0D716282040188B00D52A57 /* AppDelegate.swift in Sources */,
				0D30139B0D65F48019643FDC /* TaskDashboardViewInput.swift in Sources */,
				C0A0F5AB2059BE98000979FC /* TaskDashBoardFirebaseManager.swift in Sources */,
				03C6335D16DBE5B72DA6DAE2 /* TaskDashboardViewOutput.swift in Sources */,
				C0A0BCD420447FF500BBFC14 /* TaskCollectionViewCell.swift in Sources */,
				4361027F1D67D9A65250101F /* TaskDashboardViewController.swift in Sources */,
				36A5BF432067DF5C0040ED5D /* UserCreationServiceInput.swift in Sources */,
				1CFCDE7B47236877AED10A54 /* TaskDashboardModuleInput.swift in Sources */,
				CF1DEB269499FE4ACBD8CA35 /* TaskDashboardPresenter.swift in Sources */,
				C0A0BCD220436F8B00BBFC14 /* Task.swift in Sources */,
				C0FDC7F4205586FD008A423A /* DataManagerInput.swift in Sources */,
				36A9055B205E9FDE003DE982 /* LoginAuthServiceOutput.swift in Sources */,
				B11767E4984416E6467AB409 /* TaskDashboardInteractorInput.swift in Sources */,
				36A90559205E9FCC003DE982 /* LoginAuthServicrInput.swift in Sources */,
				3191E181AC0A5D2A1BEF977E /* TaskDashboardInteractorOutput.swift in Sources */,
				137000ECBC1A69F269A73047 /* TaskDashboardInteractor.swift in Sources */,
				C046B34520586B6600128FEE /* TaskDashboardDataManagerOutput.swift in Sources */,
				666237EA9A715A29EB6C9241 /* TaskDashboardRouterInput.swift in Sources */,
				C0FDC7F2205585B3008A423A /* FireBaseManager.swift in Sources */,
				36A9055D205EB582003DE982 /* User.swift in Sources */,
				C046B34320586B3700128FEE /* TaskDashboardDataMangerInput.swift in Sources */,
				C046B3402057020700128FEE /* DataManagerOutput.swift in Sources */,
				C00E021A1CE10BBB3DCC6E51 /* TaskDashboardRouter.swift in Sources */,
				36A5BF472067DF7D0040ED5D /* UserCreationService.swift in Sources */,
				C0A0F5AD2059C728000979FC /* Constant.swift in Sources */,
				3527335D500E3554B8488DFB /* TaskDashboardConfigurator.swift in Sources */,
				77F44403B9B6A76900F595E0 /* TaskDashboardInitializer.swift in Sources */,
				21021631E1B8B52460CC2393 /* LoginViewInput.swift in Sources */,
				6ECFAD390C6CF5001967E31C /* LoginViewOutput.swift in Sources */,
				C303BD3D5098940CA892E0BF /* LoginViewController.swift in Sources */,
				2A781AA4BE379A4FF9093CCC /* LoginModuleInput.swift in Sources */,
				DCAF2B7A45D693418C7F96C9 /* LoginPresenter.swift in Sources */,
				C9A86A3C9B920090335F8F37 /* LoginInteractorInput.swift in Sources */,
				36A90557205E9F33003DE982 /* AuthLoginService.swift in Sources */,
				9065EBD756DBA552D9F650FA /* LoginInteractorOutput.swift in Sources */,
				3498C2C0DA405014DB6C3B95 /* LoginInteractor.swift in Sources */,
				E624AB307B8505DE5A122D9A /* LoginRouterInput.swift in Sources */,
				C175C751DAE57C87F16155B8 /* LoginRouter.swift in Sources */,
				79EED124968726007AE027DF /* LoginConfigurator.swift in Sources */,
				6C8F049E943F72CF06A2F8B0 /* LoginInitializer.swift in Sources */,
				AE2F9A0A8A3191007DDAADFC /* SignupViewInput.swift in Sources */,
				33F57AA4266C47B15A6139DB /* SignupViewOutput.swift in Sources */,
				3DC02720678ED5A7EAC4EDEC /* SignupViewController.swift in Sources */,
				4295A1813B49162C0BD5D783 /* SignupModuleInput.swift in Sources */,
				6F79AC41689A1AB3AC5249E3 /* SignupPresenter.swift in Sources */,
				26FD98549F9130244AF77CCF /* SignupInteractorInput.swift in Sources */,
				204E5FC8BED840AA3D689DCC /* SignupInteractorOutput.swift in Sources */,
				F25B5A89A5DC2453CDDC3039 /* SignupInteractor.swift in Sources */,
				573FCE6B99F597492BA1E311 /* SignupRouterInput.swift in Sources */,
				36A5BF452067DF690040ED5D /* UserCreationServiceOutput.swift in Sources */,
				479E4687C07F63ED782140B6 /* SignupRouter.swift in Sources */,
				750DC24DD02C9248AA99CE16 /* SignupConfigurator.swift in Sources */,
				F421F6A3BC1E2D71588FECDD /* SignupInitializer.swift in Sources */,
			);
			runOnlyForDeploymentPostprocessing = 0;
		};
		C0D716342040188B00D52A57 /* Sources */ = {
			isa = PBXSourcesBuildPhase;
			buildActionMask = 2147483647;
			files = (
				C0D7163D2040188B00D52A57 /* Eisenhower_TodoTests.swift in Sources */,
				916A0206CF0D98F77B5DD179 /* TaskDashboardConfiguratorTests.swift in Sources */,
				5281C0684C6C39F918DBD121 /* TaskDashboardViewTests.swift in Sources */,
				C0A0F5B02059CD84000979FC /* TaskDashBoardFirebaseManagerTest.swift in Sources */,
				596E8C77ED2818881CDD71DC /* TaskDashboardInteractorTests.swift in Sources */,
				255CD0DD895D8E8677C13D0C /* TaskDashboardPresenterTests.swift in Sources */,
				B6B72DEDE908ECFBB7CA1497 /* TaskDashboardRouterTests.swift in Sources */,
				6D292817C95E56B857F4C15E /* LoginConfiguratorTests.swift in Sources */,
				E0DEF840888A4C5BCA5B386C /* LoginViewTests.swift in Sources */,
				8D14C2519ADEF01B88D388F9 /* LoginInteractorTests.swift in Sources */,
				27937D918152672DD4CEEC6C /* LoginPresenterTests.swift in Sources */,
				88DB47F7E8B19DEAA1D13078 /* LoginRouterTests.swift in Sources */,
				1068701E2A51C047A871F4CC /* SignupConfiguratorTests.swift in Sources */,
				F5EBD93F0FB3E855AB975C14 /* SignupViewTests.swift in Sources */,
				E1D5FC809241E998CAAB5D30 /* SignupInteractorTests.swift in Sources */,
				992669CDABF2DA8E2E8B0C26 /* SignupPresenterTests.swift in Sources */,
				0B491A43D7239588DC2E91B1 /* SignupRouterTests.swift in Sources */,
			);
			runOnlyForDeploymentPostprocessing = 0;
		};
		C0D7163F2040188B00D52A57 /* Sources */ = {
			isa = PBXSourcesBuildPhase;
			buildActionMask = 2147483647;
			files = (
				C0D716482040188B00D52A57 /* Eisenhower_TodoUITests.swift in Sources */,
			);
			runOnlyForDeploymentPostprocessing = 0;
		};
/* End PBXSourcesBuildPhase section */

/* Begin PBXTargetDependency section */
		C0D7163A2040188B00D52A57 /* PBXTargetDependency */ = {
			isa = PBXTargetDependency;
			target = C0D716232040188B00D52A57 /* Eisenhower Todo */;
			targetProxy = C0D716392040188B00D52A57 /* PBXContainerItemProxy */;
		};
		C0D716452040188B00D52A57 /* PBXTargetDependency */ = {
			isa = PBXTargetDependency;
			target = C0D716232040188B00D52A57 /* Eisenhower Todo */;
			targetProxy = C0D716442040188B00D52A57 /* PBXContainerItemProxy */;
		};
/* End PBXTargetDependency section */

/* Begin PBXVariantGroup section */
		C0D7162B2040188B00D52A57 /* Main.storyboard */ = {
			isa = PBXVariantGroup;
			children = (
				C0D7162C2040188B00D52A57 /* Base */,
			);
			name = Main.storyboard;
			sourceTree = "<group>";
		};
		C0D716302040188B00D52A57 /* LaunchScreen.storyboard */ = {
			isa = PBXVariantGroup;
			children = (
				C0D716312040188B00D52A57 /* Base */,
			);
			name = LaunchScreen.storyboard;
			sourceTree = "<group>";
		};
/* End PBXVariantGroup section */

/* Begin XCBuildConfiguration section */
		C0D7164A2040188B00D52A57 /* Debug */ = {
			isa = XCBuildConfiguration;
			buildSettings = {
				ALWAYS_SEARCH_USER_PATHS = NO;
				CLANG_ANALYZER_NONNULL = YES;
				CLANG_ANALYZER_NUMBER_OBJECT_CONVERSION = YES_AGGRESSIVE;
				CLANG_CXX_LANGUAGE_STANDARD = "gnu++14";
				CLANG_CXX_LIBRARY = "libc++";
				CLANG_ENABLE_MODULES = YES;
				CLANG_ENABLE_OBJC_ARC = YES;
				CLANG_WARN_BLOCK_CAPTURE_AUTORELEASING = YES;
				CLANG_WARN_BOOL_CONVERSION = YES;
				CLANG_WARN_COMMA = YES;
				CLANG_WARN_CONSTANT_CONVERSION = YES;
				CLANG_WARN_DIRECT_OBJC_ISA_USAGE = YES_ERROR;
				CLANG_WARN_DOCUMENTATION_COMMENTS = YES;
				CLANG_WARN_EMPTY_BODY = YES;
				CLANG_WARN_ENUM_CONVERSION = YES;
				CLANG_WARN_INFINITE_RECURSION = YES;
				CLANG_WARN_INT_CONVERSION = YES;
				CLANG_WARN_NON_LITERAL_NULL_CONVERSION = YES;
				CLANG_WARN_OBJC_LITERAL_CONVERSION = YES;
				CLANG_WARN_OBJC_ROOT_CLASS = YES_ERROR;
				CLANG_WARN_RANGE_LOOP_ANALYSIS = YES;
				CLANG_WARN_STRICT_PROTOTYPES = YES;
				CLANG_WARN_SUSPICIOUS_MOVE = YES;
				CLANG_WARN_UNGUARDED_AVAILABILITY = YES_AGGRESSIVE;
				CLANG_WARN_UNREACHABLE_CODE = YES;
				CLANG_WARN__DUPLICATE_METHOD_MATCH = YES;
				CODE_SIGN_IDENTITY = "iPhone Developer";
				COPY_PHASE_STRIP = NO;
				DEBUG_INFORMATION_FORMAT = dwarf;
				ENABLE_STRICT_OBJC_MSGSEND = YES;
				ENABLE_TESTABILITY = YES;
				GCC_C_LANGUAGE_STANDARD = gnu11;
				GCC_DYNAMIC_NO_PIC = NO;
				GCC_NO_COMMON_BLOCKS = YES;
				GCC_OPTIMIZATION_LEVEL = 0;
				GCC_PREPROCESSOR_DEFINITIONS = (
					"DEBUG=1",
					"$(inherited)",
				);
				GCC_WARN_64_TO_32_BIT_CONVERSION = YES;
				GCC_WARN_ABOUT_RETURN_TYPE = YES_ERROR;
				GCC_WARN_UNDECLARED_SELECTOR = YES;
				GCC_WARN_UNINITIALIZED_AUTOS = YES_AGGRESSIVE;
				GCC_WARN_UNUSED_FUNCTION = YES;
				GCC_WARN_UNUSED_VARIABLE = YES;
				IPHONEOS_DEPLOYMENT_TARGET = 11.2;
				MTL_ENABLE_DEBUG_INFO = YES;
				ONLY_ACTIVE_ARCH = YES;
				SDKROOT = iphoneos;
				SWIFT_ACTIVE_COMPILATION_CONDITIONS = DEBUG;
				SWIFT_OPTIMIZATION_LEVEL = "-Onone";
			};
			name = Debug;
		};
		C0D7164B2040188B00D52A57 /* Release */ = {
			isa = XCBuildConfiguration;
			buildSettings = {
				ALWAYS_SEARCH_USER_PATHS = NO;
				CLANG_ANALYZER_NONNULL = YES;
				CLANG_ANALYZER_NUMBER_OBJECT_CONVERSION = YES_AGGRESSIVE;
				CLANG_CXX_LANGUAGE_STANDARD = "gnu++14";
				CLANG_CXX_LIBRARY = "libc++";
				CLANG_ENABLE_MODULES = YES;
				CLANG_ENABLE_OBJC_ARC = YES;
				CLANG_WARN_BLOCK_CAPTURE_AUTORELEASING = YES;
				CLANG_WARN_BOOL_CONVERSION = YES;
				CLANG_WARN_COMMA = YES;
				CLANG_WARN_CONSTANT_CONVERSION = YES;
				CLANG_WARN_DIRECT_OBJC_ISA_USAGE = YES_ERROR;
				CLANG_WARN_DOCUMENTATION_COMMENTS = YES;
				CLANG_WARN_EMPTY_BODY = YES;
				CLANG_WARN_ENUM_CONVERSION = YES;
				CLANG_WARN_INFINITE_RECURSION = YES;
				CLANG_WARN_INT_CONVERSION = YES;
				CLANG_WARN_NON_LITERAL_NULL_CONVERSION = YES;
				CLANG_WARN_OBJC_LITERAL_CONVERSION = YES;
				CLANG_WARN_OBJC_ROOT_CLASS = YES_ERROR;
				CLANG_WARN_RANGE_LOOP_ANALYSIS = YES;
				CLANG_WARN_STRICT_PROTOTYPES = YES;
				CLANG_WARN_SUSPICIOUS_MOVE = YES;
				CLANG_WARN_UNGUARDED_AVAILABILITY = YES_AGGRESSIVE;
				CLANG_WARN_UNREACHABLE_CODE = YES;
				CLANG_WARN__DUPLICATE_METHOD_MATCH = YES;
				CODE_SIGN_IDENTITY = "iPhone Developer";
				COPY_PHASE_STRIP = NO;
				DEBUG_INFORMATION_FORMAT = "dwarf-with-dsym";
				ENABLE_NS_ASSERTIONS = NO;
				ENABLE_STRICT_OBJC_MSGSEND = YES;
				GCC_C_LANGUAGE_STANDARD = gnu11;
				GCC_NO_COMMON_BLOCKS = YES;
				GCC_WARN_64_TO_32_BIT_CONVERSION = YES;
				GCC_WARN_ABOUT_RETURN_TYPE = YES_ERROR;
				GCC_WARN_UNDECLARED_SELECTOR = YES;
				GCC_WARN_UNINITIALIZED_AUTOS = YES_AGGRESSIVE;
				GCC_WARN_UNUSED_FUNCTION = YES;
				GCC_WARN_UNUSED_VARIABLE = YES;
				IPHONEOS_DEPLOYMENT_TARGET = 11.2;
				MTL_ENABLE_DEBUG_INFO = NO;
				SDKROOT = iphoneos;
				SWIFT_OPTIMIZATION_LEVEL = "-Owholemodule";
				VALIDATE_PRODUCT = YES;
			};
			name = Release;
		};
		C0D7164D2040188B00D52A57 /* Debug */ = {
			isa = XCBuildConfiguration;
			baseConfigurationReference = F23B560DB65C2AE3E6B01558 /* Pods-Eisenhower Todo.debug.xcconfig */;
			buildSettings = {
				ASSETCATALOG_COMPILER_APPICON_NAME = AppIcon;
				CODE_SIGN_STYLE = Automatic;
				DEVELOPMENT_TEAM = WGQV3YPMH6;
				INFOPLIST_FILE = "Eisenhower Todo/Info.plist";
				IPHONEOS_DEPLOYMENT_TARGET = 10.0;
				LD_RUNPATH_SEARCH_PATHS = "$(inherited) @executable_path/Frameworks";
				PRODUCT_BUNDLE_IDENTIFIER = "com.GuillaumeSabatie.Eisenhower-Todo";
				PRODUCT_NAME = "$(TARGET_NAME)";
				SWIFT_VERSION = 4.0;
				TARGETED_DEVICE_FAMILY = "1,2";
			};
			name = Debug;
		};
		C0D7164E2040188B00D52A57 /* Release */ = {
			isa = XCBuildConfiguration;
			baseConfigurationReference = BB4ABE65853F0B80A2E1CE2A /* Pods-Eisenhower Todo.release.xcconfig */;
			buildSettings = {
				ASSETCATALOG_COMPILER_APPICON_NAME = AppIcon;
				CODE_SIGN_STYLE = Automatic;
				DEVELOPMENT_TEAM = WGQV3YPMH6;
				INFOPLIST_FILE = "Eisenhower Todo/Info.plist";
				IPHONEOS_DEPLOYMENT_TARGET = 10.0;
				LD_RUNPATH_SEARCH_PATHS = "$(inherited) @executable_path/Frameworks";
				PRODUCT_BUNDLE_IDENTIFIER = "com.GuillaumeSabatie.Eisenhower-Todo";
				PRODUCT_NAME = "$(TARGET_NAME)";
				SWIFT_VERSION = 4.0;
				TARGETED_DEVICE_FAMILY = "1,2";
			};
			name = Release;
		};
		C0D716502040188B00D52A57 /* Debug */ = {
			isa = XCBuildConfiguration;
			baseConfigurationReference = 93654EC32EC5F4B172BE01D1 /* Pods-Eisenhower TodoTests.debug.xcconfig */;
			buildSettings = {
				ALWAYS_EMBED_SWIFT_STANDARD_LIBRARIES = NO;
				BUNDLE_LOADER = "$(TEST_HOST)";
				CODE_SIGN_STYLE = Automatic;
				DEVELOPMENT_TEAM = WGQV3YPMH6;
				INFOPLIST_FILE = "Eisenhower TodoTests/Info.plist";
				LD_RUNPATH_SEARCH_PATHS = "$(inherited) @executable_path/Frameworks @loader_path/Frameworks";
				PRODUCT_BUNDLE_IDENTIFIER = "com.GuillaumeSabatie.Eisenhower-TodoTests";
				PRODUCT_NAME = "$(TARGET_NAME)";
				SWIFT_VERSION = 4.0;
				TARGETED_DEVICE_FAMILY = "1,2";
				TEST_HOST = "$(BUILT_PRODUCTS_DIR)/Eisenhower Todo.app/Eisenhower Todo";
			};
			name = Debug;
		};
		C0D716512040188B00D52A57 /* Release */ = {
			isa = XCBuildConfiguration;
			baseConfigurationReference = 27924A74D8C51D87795D9092 /* Pods-Eisenhower TodoTests.release.xcconfig */;
			buildSettings = {
				ALWAYS_EMBED_SWIFT_STANDARD_LIBRARIES = NO;
				BUNDLE_LOADER = "$(TEST_HOST)";
				CODE_SIGN_STYLE = Automatic;
				DEVELOPMENT_TEAM = WGQV3YPMH6;
				INFOPLIST_FILE = "Eisenhower TodoTests/Info.plist";
				LD_RUNPATH_SEARCH_PATHS = "$(inherited) @executable_path/Frameworks @loader_path/Frameworks";
				PRODUCT_BUNDLE_IDENTIFIER = "com.GuillaumeSabatie.Eisenhower-TodoTests";
				PRODUCT_NAME = "$(TARGET_NAME)";
				SWIFT_VERSION = 4.0;
				TARGETED_DEVICE_FAMILY = "1,2";
				TEST_HOST = "$(BUILT_PRODUCTS_DIR)/Eisenhower Todo.app/Eisenhower Todo";
			};
			name = Release;
		};
		C0D716532040188B00D52A57 /* Debug */ = {
			isa = XCBuildConfiguration;
			baseConfigurationReference = BA7AD861692B5A2F636F2478 /* Pods-Eisenhower TodoUITests.debug.xcconfig */;
			buildSettings = {
				ALWAYS_EMBED_SWIFT_STANDARD_LIBRARIES = NO;
				CODE_SIGN_STYLE = Automatic;
				DEVELOPMENT_TEAM = WGQV3YPMH6;
				INFOPLIST_FILE = "Eisenhower TodoUITests/Info.plist";
				LD_RUNPATH_SEARCH_PATHS = "$(inherited) @executable_path/Frameworks @loader_path/Frameworks";
				PRODUCT_BUNDLE_IDENTIFIER = "com.GuillaumeSabatie.Eisenhower-TodoUITests";
				PRODUCT_NAME = "$(TARGET_NAME)";
				SWIFT_VERSION = 4.0;
				TARGETED_DEVICE_FAMILY = "1,2";
				TEST_TARGET_NAME = "Eisenhower Todo";
			};
			name = Debug;
		};
		C0D716542040188B00D52A57 /* Release */ = {
			isa = XCBuildConfiguration;
			baseConfigurationReference = D1AB21A18721C99F6E2FB208 /* Pods-Eisenhower TodoUITests.release.xcconfig */;
			buildSettings = {
				ALWAYS_EMBED_SWIFT_STANDARD_LIBRARIES = NO;
				CODE_SIGN_STYLE = Automatic;
				DEVELOPMENT_TEAM = WGQV3YPMH6;
				INFOPLIST_FILE = "Eisenhower TodoUITests/Info.plist";
				LD_RUNPATH_SEARCH_PATHS = "$(inherited) @executable_path/Frameworks @loader_path/Frameworks";
				PRODUCT_BUNDLE_IDENTIFIER = "com.GuillaumeSabatie.Eisenhower-TodoUITests";
				PRODUCT_NAME = "$(TARGET_NAME)";
				SWIFT_VERSION = 4.0;
				TARGETED_DEVICE_FAMILY = "1,2";
				TEST_TARGET_NAME = "Eisenhower Todo";
			};
			name = Release;
		};
/* End XCBuildConfiguration section */

/* Begin XCConfigurationList section */
		C0D7161F2040188B00D52A57 /* Build configuration list for PBXProject "Eisenhower Todo" */ = {
			isa = XCConfigurationList;
			buildConfigurations = (
				C0D7164A2040188B00D52A57 /* Debug */,
				C0D7164B2040188B00D52A57 /* Release */,
			);
			defaultConfigurationIsVisible = 0;
			defaultConfigurationName = Release;
		};
		C0D7164C2040188B00D52A57 /* Build configuration list for PBXNativeTarget "Eisenhower Todo" */ = {
			isa = XCConfigurationList;
			buildConfigurations = (
				C0D7164D2040188B00D52A57 /* Debug */,
				C0D7164E2040188B00D52A57 /* Release */,
			);
			defaultConfigurationIsVisible = 0;
			defaultConfigurationName = Release;
		};
		C0D7164F2040188B00D52A57 /* Build configuration list for PBXNativeTarget "Eisenhower TodoTests" */ = {
			isa = XCConfigurationList;
			buildConfigurations = (
				C0D716502040188B00D52A57 /* Debug */,
				C0D716512040188B00D52A57 /* Release */,
			);
			defaultConfigurationIsVisible = 0;
			defaultConfigurationName = Release;
		};
		C0D716522040188B00D52A57 /* Build configuration list for PBXNativeTarget "Eisenhower TodoUITests" */ = {
			isa = XCConfigurationList;
			buildConfigurations = (
				C0D716532040188B00D52A57 /* Debug */,
				C0D716542040188B00D52A57 /* Release */,
			);
			defaultConfigurationIsVisible = 0;
			defaultConfigurationName = Release;
		};
/* End XCConfigurationList section */
	};
	rootObject = C0D7161C2040188B00D52A57 /* Project object */;
}
